// !$*UTF8*$!
{
	archiveVersion = 1;
	classes = {
	};
	objectVersion = 46;
	objects = {

/* Begin PBXBuildFile section */
		1A015EFE1C7C2B1400AB7C8E /* RouteDetailViewController.m in Sources */ = {isa = PBXBuildFile; fileRef = 1A015EFD1C7C2B1300AB7C8E /* RouteDetailViewController.m */; };
		1A16D1611BFA9DCB003B3C2D /* ColorConverter.m in Sources */ = {isa = PBXBuildFile; fileRef = 1A16D1521BFA9DCB003B3C2D /* ColorConverter.m */; };
		1A16D1621BFA9DCB003B3C2D /* HttpPostExecute.m in Sources */ = {isa = PBXBuildFile; fileRef = 1A16D15A1BFA9DCB003B3C2D /* HttpPostExecute.m */; };
		1A16D1631BFA9DCB003B3C2D /* NameValuePair.m in Sources */ = {isa = PBXBuildFile; fileRef = 1A16D15C1BFA9DCB003B3C2D /* NameValuePair.m */; };
		1A16D1641BFA9DCB003B3C2D /* Reachability.m in Sources */ = {isa = PBXBuildFile; fileRef = 1A16D15E1BFA9DCB003B3C2D /* Reachability.m */; };
		1A16D1651BFA9DCB003B3C2D /* Utilities.m in Sources */ = {isa = PBXBuildFile; fileRef = 1A16D1601BFA9DCB003B3C2D /* Utilities.m */; };
		1A16D1801BFA9DF6003B3C2D /* MessagesDAL.m in Sources */ = {isa = PBXBuildFile; fileRef = 1A16D1671BFA9DF6003B3C2D /* MessagesDAL.m */; };
		1A16D1811BFA9DF6003B3C2D /* RouteDefinitionDAO.m in Sources */ = {isa = PBXBuildFile; fileRef = 1A16D1691BFA9DF6003B3C2D /* RouteDefinitionDAO.m */; };
		1A16D1821BFA9DF6003B3C2D /* RouteDefinitionPost.m in Sources */ = {isa = PBXBuildFile; fileRef = 1A16D16B1BFA9DF6003B3C2D /* RouteDefinitionPost.m */; };
		1A16D1831BFA9DF6003B3C2D /* RoutesAndAnnounceDAO.m in Sources */ = {isa = PBXBuildFile; fileRef = 1A16D16D1BFA9DF6003B3C2D /* RoutesAndAnnounceDAO.m */; };
		1A16D1841BFA9DF6003B3C2D /* RouteSchedulesDAO.m in Sources */ = {isa = PBXBuildFile; fileRef = 1A16D16F1BFA9DF6003B3C2D /* RouteSchedulesDAO.m */; };
		1A16D1851BFA9DF6003B3C2D /* RouteSchedulesPost.m in Sources */ = {isa = PBXBuildFile; fileRef = 1A16D1711BFA9DF6003B3C2D /* RouteSchedulesPost.m */; };
		1A16D1861BFA9DF6003B3C2D /* RoutesPost.m in Sources */ = {isa = PBXBuildFile; fileRef = 1A16D1731BFA9DF6003B3C2D /* RoutesPost.m */; };
		1A16D1871BFA9DF6003B3C2D /* RouteUpdatesDAO.m in Sources */ = {isa = PBXBuildFile; fileRef = 1A16D1751BFA9DF6003B3C2D /* RouteUpdatesDAO.m */; };
		1A16D1881BFA9DF6003B3C2D /* RouteUpdatesPost.m in Sources */ = {isa = PBXBuildFile; fileRef = 1A16D1771BFA9DF6003B3C2D /* RouteUpdatesPost.m */; };
		1A16D1891BFA9DF6003B3C2D /* RouteVehiclesDAO.m in Sources */ = {isa = PBXBuildFile; fileRef = 1A16D1791BFA9DF6003B3C2D /* RouteVehiclesDAO.m */; };
		1A16D18A1BFA9DF6003B3C2D /* RouteVehiclesPost.m in Sources */ = {isa = PBXBuildFile; fileRef = 1A16D17B1BFA9DF6003B3C2D /* RouteVehiclesPost.m */; };
		1A16D18B1BFA9DF6003B3C2D /* StopArrivalPredictionDAO.m in Sources */ = {isa = PBXBuildFile; fileRef = 1A16D17D1BFA9DF6003B3C2D /* StopArrivalPredictionDAO.m */; };
		1A16D18C1BFA9DF6003B3C2D /* StopArrivalPredictionPost.m in Sources */ = {isa = PBXBuildFile; fileRef = 1A16D17F1BFA9DF6003B3C2D /* StopArrivalPredictionPost.m */; };
		1A16D1D71C023D59003B3C2D /* AESideMenuTableViewController.m in Sources */ = {isa = PBXBuildFile; fileRef = 1A16D1D61C023D59003B3C2D /* AESideMenuTableViewController.m */; };
		1A16D1DB1C023F8C003B3C2D /* AEMenuBannerTableViewCell.m in Sources */ = {isa = PBXBuildFile; fileRef = 1A16D1DA1C023F8C003B3C2D /* AEMenuBannerTableViewCell.m */; };
		1A16D1DE1C024076003B3C2D /* AEMenuFreeLineTableViewCell.m in Sources */ = {isa = PBXBuildFile; fileRef = 1A16D1DD1C024076003B3C2D /* AEMenuFreeLineTableViewCell.m */; };
		1A16D1E71C024310003B3C2D /* AEMenuItemTableViewCell.m in Sources */ = {isa = PBXBuildFile; fileRef = 1A16D1E61C024310003B3C2D /* AEMenuItemTableViewCell.m */; };
		1A16D1EE1C0245FF003B3C2D /* MenuInfo.m in Sources */ = {isa = PBXBuildFile; fileRef = 1A16D1ED1C0245FF003B3C2D /* MenuInfo.m */; };
		1A16D1F11C02461E003B3C2D /* BannerItemInfo.m in Sources */ = {isa = PBXBuildFile; fileRef = 1A16D1F01C02461E003B3C2D /* BannerItemInfo.m */; };
		1A16D1F41C0246B0003B3C2D /* LineInfo.m in Sources */ = {isa = PBXBuildFile; fileRef = 1A16D1F31C0246B0003B3C2D /* LineInfo.m */; };
		1A16D1F71C025905003B3C2D /* ItemInfo.m in Sources */ = {isa = PBXBuildFile; fileRef = 1A16D1F61C025905003B3C2D /* ItemInfo.m */; };
		1A16D1FA1C026092003B3C2D /* MapViewController.m in Sources */ = {isa = PBXBuildFile; fileRef = 1A16D1F91C026092003B3C2D /* MapViewController.m */; };
		1A16D1FF1C026EFD003B3C2D /* AllRouteUpdatesViewController.m in Sources */ = {isa = PBXBuildFile; fileRef = 1A16D1FE1C026EFD003B3C2D /* AllRouteUpdatesViewController.m */; };
		1A16D2021C026F10003B3C2D /* NewsAndAboutViewController.m in Sources */ = {isa = PBXBuildFile; fileRef = 1A16D2011C026F10003B3C2D /* NewsAndAboutViewController.m */; };
		1A16D20D1C04E92A003B3C2D /* AEGetRoutesOp.m in Sources */ = {isa = PBXBuildFile; fileRef = 1A16D20C1C04E92A003B3C2D /* AEGetRoutesOp.m */; };
		1A16D2101C0E6B93003B3C2D /* AEGetRouteDefinition.m in Sources */ = {isa = PBXBuildFile; fileRef = 1A16D20F1C0E6B93003B3C2D /* AEGetRouteDefinition.m */; };
		1A34B34D1CBE17A3004CF2F0 /* 75-phone.png in Resources */ = {isa = PBXBuildFile; fileRef = 1A34B34A1CBE17A3004CF2F0 /* 75-phone.png */; };
		1A34B34E1CBE17A3004CF2F0 /* 103-map.png in Resources */ = {isa = PBXBuildFile; fileRef = 1A34B34B1CBE17A3004CF2F0 /* 103-map.png */; };
		1A34B34F1CBE17A3004CF2F0 /* 112-group.png in Resources */ = {isa = PBXBuildFile; fileRef = 1A34B34C1CBE17A3004CF2F0 /* 112-group.png */; };
		1A3AA5CA1D9F404000B0D05B /* AnnouncementsPost.m in Sources */ = {isa = PBXBuildFile; fileRef = 1A3AA5C91D9F404000B0D05B /* AnnouncementsPost.m */; };
		1A3AA5CD1D9F41DE00B0D05B /* RouteWaypoints.m in Sources */ = {isa = PBXBuildFile; fileRef = 1A3AA5CC1D9F41DE00B0D05B /* RouteWaypoints.m */; };
		1A3AA5D01D9F53CC00B0D05B /* NSString+Count.m in Sources */ = {isa = PBXBuildFile; fileRef = 1A3AA5CF1D9F53CC00B0D05B /* NSString+Count.m */; };
		1A4B6F031C27357F00C730EC /* MapControlInfo.m in Sources */ = {isa = PBXBuildFile; fileRef = 1A4B6F021C27357F00C730EC /* MapControlInfo.m */; };
		1A4B6F061C27360300C730EC /* AEMenuMapControlTableViewCell.m in Sources */ = {isa = PBXBuildFile; fileRef = 1A4B6F051C27360300C730EC /* AEMenuMapControlTableViewCell.m */; };
		1A4B6F0F1C28B5C400C730EC /* AEStopAnnotation.m in Sources */ = {isa = PBXBuildFile; fileRef = 1A4B6F0E1C28B5C400C730EC /* AEStopAnnotation.m */; };
		1A4B6F121C29FFAB00C730EC /* AEStopAnnotationView.m in Sources */ = {isa = PBXBuildFile; fileRef = 1A4B6F111C29FFAB00C730EC /* AEStopAnnotationView.m */; };
		1A4B6F151C2B97A600C730EC /* ColorCircleView.m in Sources */ = {isa = PBXBuildFile; fileRef = 1A4B6F141C2B97A600C730EC /* ColorCircleView.m */; };
		1A6828A11C474A4C0062B49F /* AEVehicleAnnotation.m in Sources */ = {isa = PBXBuildFile; fileRef = 1A6828A01C474A4C0062B49F /* AEVehicleAnnotation.m */; };
		1A6828A41C474EAE0062B49F /* AEVehicleAnnotationView.m in Sources */ = {isa = PBXBuildFile; fileRef = 1A6828A31C474EAE0062B49F /* AEVehicleAnnotationView.m */; };
		1A6828A71C47522A0062B49F /* AEGetVehiclesOp.m in Sources */ = {isa = PBXBuildFile; fileRef = 1A6828A61C47522A0062B49F /* AEGetVehiclesOp.m */; };
		1A6828AA1C48B56A0062B49F /* AEGetArrivalPredictionsOp.m in Sources */ = {isa = PBXBuildFile; fileRef = 1A6828A91C48B56A0062B49F /* AEGetArrivalPredictionsOp.m */; };
		1A6828AD1C49821F0062B49F /* ArrivalPredictionView.m in Sources */ = {isa = PBXBuildFile; fileRef = 1A6828AC1C49821F0062B49F /* ArrivalPredictionView.m */; };
		1A6828AF1C4983960062B49F /* ArrivalPredictionView.xib in Resources */ = {isa = PBXBuildFile; fileRef = 1A6828AE1C4983960062B49F /* ArrivalPredictionView.xib */; };
		1A773E361C82C9990023DCA8 /* Launch Screen.storyboard in Resources */ = {isa = PBXBuildFile; fileRef = 1A773E341C82C9990023DCA8 /* Launch Screen.storyboard */; };
		1A79CB8C1C30DC940091DD62 /* Images.xcassets in Resources */ = {isa = PBXBuildFile; fileRef = 1A79CB8B1C30DC940091DD62 /* Images.xcassets */; };
		1A79CB951C337F1F0091DD62 /* CircleCheckmark.m in Sources */ = {isa = PBXBuildFile; fileRef = 1A79CB941C337F1F0091DD62 /* CircleCheckmark.m */; };
		1AC96F9C1D99E1240079AF7B /* AEDataModel.m in Sources */ = {isa = PBXBuildFile; fileRef = 1AC96F9B1D99E1240079AF7B /* AEDataModel.m */; };
		1AC96F9F1D99E60B0079AF7B /* Route.m in Sources */ = {isa = PBXBuildFile; fileRef = 1AC96F9E1D99E60B0079AF7B /* Route.m */; };
		1AC96FA21D99E61D0079AF7B /* Region.m in Sources */ = {isa = PBXBuildFile; fileRef = 1AC96FA11D99E61D0079AF7B /* Region.m */; };
		1AC96FA81D99E69F0079AF7B /* Stop.m in Sources */ = {isa = PBXBuildFile; fileRef = 1AC96FA71D99E69F0079AF7B /* Stop.m */; };
		1AC96FAB1D99E83D0079AF7B /* Vehicle.m in Sources */ = {isa = PBXBuildFile; fileRef = 1AC96FAA1D99E83D0079AF7B /* Vehicle.m */; };
		1AC96FAE1D99EFE30079AF7B /* UCIShuttlesRequest.m in Sources */ = {isa = PBXBuildFile; fileRef = 1AC96FAD1D99EFE30079AF7B /* UCIShuttlesRequest.m */; };
		1AC96FB11D99F73E0079AF7B /* Direction.m in Sources */ = {isa = PBXBuildFile; fileRef = 1AC96FB01D99F73E0079AF7B /* Direction.m */; };
		1AC96FB41D99F82E0079AF7B /* Arrival.m in Sources */ = {isa = PBXBuildFile; fileRef = 1AC96FB31D99F82E0079AF7B /* Arrival.m */; };
		1ACBE59E1CC065860044401C /* ExactTimeTableViewCell.m in Sources */ = {isa = PBXBuildFile; fileRef = 1ACBE59D1CC065860044401C /* ExactTimeTableViewCell.m */; };
		1ACBE5A01CC0ADD40044401C /* AnteaterExpress_logo_title_isolated_wide.png in Resources */ = {isa = PBXBuildFile; fileRef = 1ACBE59F1CC0ADD40044401C /* AnteaterExpress_logo_title_isolated_wide.png */; };
		1ACBE5A31CC0B10E0044401C /* ASMapView.m in Sources */ = {isa = PBXBuildFile; fileRef = 1ACBE5A21CC0B10E0044401C /* ASMapView.m */; };
		4A4E0C4A16D09149003E0668 /* SystemConfiguration.framework in Frameworks */ = {isa = PBXBuildFile; fileRef = 4A4E0C4916D09149003E0668 /* SystemConfiguration.framework */; };
		4A53A85C1566DDEE00D191AC /* shuttle_E_moving.png in Resources */ = {isa = PBXBuildFile; fileRef = 4A53A84C1566DDEE00D191AC /* shuttle_E_moving.png */; };
		4A53A85D1566DDEE00D191AC /* shuttle_E_stopped.png in Resources */ = {isa = PBXBuildFile; fileRef = 4A53A84D1566DDEE00D191AC /* shuttle_E_stopped.png */; };
		4A53A85E1566DDEE00D191AC /* shuttle_N_moving.png in Resources */ = {isa = PBXBuildFile; fileRef = 4A53A84E1566DDEE00D191AC /* shuttle_N_moving.png */; };
		4A53A85F1566DDEE00D191AC /* shuttle_N_stopped.png in Resources */ = {isa = PBXBuildFile; fileRef = 4A53A84F1566DDEE00D191AC /* shuttle_N_stopped.png */; };
		4A53A8601566DDEE00D191AC /* shuttle_NE_moving.png in Resources */ = {isa = PBXBuildFile; fileRef = 4A53A8501566DDEE00D191AC /* shuttle_NE_moving.png */; };
		4A53A8611566DDEE00D191AC /* shuttle_NE_stopped.png in Resources */ = {isa = PBXBuildFile; fileRef = 4A53A8511566DDEE00D191AC /* shuttle_NE_stopped.png */; };
		4A53A8621566DDEE00D191AC /* shuttle_NW_moving.png in Resources */ = {isa = PBXBuildFile; fileRef = 4A53A8521566DDEE00D191AC /* shuttle_NW_moving.png */; };
		4A53A8631566DDEE00D191AC /* shuttle_NW_stopped.png in Resources */ = {isa = PBXBuildFile; fileRef = 4A53A8531566DDEE00D191AC /* shuttle_NW_stopped.png */; };
		4A53A8641566DDEE00D191AC /* shuttle_S_moving.png in Resources */ = {isa = PBXBuildFile; fileRef = 4A53A8541566DDEE00D191AC /* shuttle_S_moving.png */; };
		4A53A8651566DDEE00D191AC /* shuttle_S_stopped.png in Resources */ = {isa = PBXBuildFile; fileRef = 4A53A8551566DDEE00D191AC /* shuttle_S_stopped.png */; };
		4A53A8661566DDEE00D191AC /* shuttle_SE_moving.png in Resources */ = {isa = PBXBuildFile; fileRef = 4A53A8561566DDEE00D191AC /* shuttle_SE_moving.png */; };
		4A53A8671566DDEE00D191AC /* shuttle_SE_stopped.png in Resources */ = {isa = PBXBuildFile; fileRef = 4A53A8571566DDEE00D191AC /* shuttle_SE_stopped.png */; };
		4A53A8681566DDEE00D191AC /* shuttle_SW_moving.png in Resources */ = {isa = PBXBuildFile; fileRef = 4A53A8581566DDEE00D191AC /* shuttle_SW_moving.png */; };
		4A53A8691566DDEE00D191AC /* shuttle_SW_stopped.png in Resources */ = {isa = PBXBuildFile; fileRef = 4A53A8591566DDEE00D191AC /* shuttle_SW_stopped.png */; };
		4A53A86A1566DDEE00D191AC /* shuttle_W_moving.png in Resources */ = {isa = PBXBuildFile; fileRef = 4A53A85A1566DDEE00D191AC /* shuttle_W_moving.png */; };
		4A53A86B1566DDEE00D191AC /* shuttle_W_stopped.png in Resources */ = {isa = PBXBuildFile; fileRef = 4A53A85B1566DDEE00D191AC /* shuttle_W_stopped.png */; };
		4A76A6DF1559016100D99B14 /* UIKit.framework in Frameworks */ = {isa = PBXBuildFile; fileRef = 4A76A6DE1559016100D99B14 /* UIKit.framework */; };
		4A76A6E11559016100D99B14 /* Foundation.framework in Frameworks */ = {isa = PBXBuildFile; fileRef = 4A76A6E01559016100D99B14 /* Foundation.framework */; };
		4A76A6E31559016100D99B14 /* CoreGraphics.framework in Frameworks */ = {isa = PBXBuildFile; fileRef = 4A76A6E21559016100D99B14 /* CoreGraphics.framework */; };
		4A76A6E91559016100D99B14 /* InfoPlist.strings in Resources */ = {isa = PBXBuildFile; fileRef = 4A76A6E71559016100D99B14 /* InfoPlist.strings */; };
		4A76A6EB1559016100D99B14 /* main.m in Sources */ = {isa = PBXBuildFile; fileRef = 4A76A6EA1559016100D99B14 /* main.m */; };
		4A76A6EF1559016100D99B14 /* AppDelegate.m in Sources */ = {isa = PBXBuildFile; fileRef = 4A76A6EE1559016100D99B14 /* AppDelegate.m */; };
		4A76A6F21559016100D99B14 /* MainStoryboard_iPhone.storyboard in Resources */ = {isa = PBXBuildFile; fileRef = 4A76A6F01559016100D99B14 /* MainStoryboard_iPhone.storyboard */; };
		4AC8B4E515E03CDC007C6CE3 /* UIUnreadIndicator.png in Resources */ = {isa = PBXBuildFile; fileRef = 4AC8B4E315E03CDC007C6CE3 /* UIUnreadIndicator.png */; };
		4AC8B4E615E03CDC007C6CE3 /* UIUnreadIndicatorPressed.png in Resources */ = {isa = PBXBuildFile; fileRef = 4AC8B4E415E03CDC007C6CE3 /* UIUnreadIndicatorPressed.png */; };
		4AD1F9FB155C392000978EAA /* CoreLocation.framework in Frameworks */ = {isa = PBXBuildFile; fileRef = 4AD1F9FA155C392000978EAA /* CoreLocation.framework */; };
		4AD1F9FE155C393100978EAA /* MapKit.framework in Frameworks */ = {isa = PBXBuildFile; fileRef = 4AD1F9FD155C393100978EAA /* MapKit.framework */; };
		4AE5283316E348A6003FCA0E /* CoreData.framework in Frameworks */ = {isa = PBXBuildFile; fileRef = 4AE5283216E348A6003FCA0E /* CoreData.framework */; };
		93B7E7DF2089E4A01243C74D /* Pods_Anteater_Express.framework in Frameworks */ = {isa = PBXBuildFile; fileRef = 1D5C8B9B9860959990152F3F /* Pods_Anteater_Express.framework */; };
/* End PBXBuildFile section */

/* Begin PBXFileReference section */
		1A015EFC1C7C2B1300AB7C8E /* RouteDetailViewController.h */ = {isa = PBXFileReference; fileEncoding = 4; lastKnownFileType = sourcecode.c.h; name = RouteDetailViewController.h; path = "Views/Route Detail/RouteDetailViewController.h"; sourceTree = "<group>"; };
		1A015EFD1C7C2B1300AB7C8E /* RouteDetailViewController.m */ = {isa = PBXFileReference; fileEncoding = 4; lastKnownFileType = sourcecode.c.objc; name = RouteDetailViewController.m; path = "Views/Route Detail/RouteDetailViewController.m"; sourceTree = "<group>"; };
		1A16D1511BFA9DCB003B3C2D /* ColorConverter.h */ = {isa = PBXFileReference; fileEncoding = 4; lastKnownFileType = sourcecode.c.h; name = ColorConverter.h; path = Utils/ColorConverter.h; sourceTree = "<group>"; };
		1A16D1521BFA9DCB003B3C2D /* ColorConverter.m */ = {isa = PBXFileReference; fileEncoding = 4; lastKnownFileType = sourcecode.c.objc; name = ColorConverter.m; path = Utils/ColorConverter.m; sourceTree = "<group>"; };
		1A16D1591BFA9DCB003B3C2D /* HttpPostExecute.h */ = {isa = PBXFileReference; fileEncoding = 4; lastKnownFileType = sourcecode.c.h; name = HttpPostExecute.h; path = Utils/HttpPostExecute.h; sourceTree = "<group>"; };
		1A16D15A1BFA9DCB003B3C2D /* HttpPostExecute.m */ = {isa = PBXFileReference; fileEncoding = 4; lastKnownFileType = sourcecode.c.objc; name = HttpPostExecute.m; path = Utils/HttpPostExecute.m; sourceTree = "<group>"; };
		1A16D15B1BFA9DCB003B3C2D /* NameValuePair.h */ = {isa = PBXFileReference; fileEncoding = 4; lastKnownFileType = sourcecode.c.h; name = NameValuePair.h; path = Utils/NameValuePair.h; sourceTree = "<group>"; };
		1A16D15C1BFA9DCB003B3C2D /* NameValuePair.m */ = {isa = PBXFileReference; fileEncoding = 4; lastKnownFileType = sourcecode.c.objc; name = NameValuePair.m; path = Utils/NameValuePair.m; sourceTree = "<group>"; };
		1A16D15D1BFA9DCB003B3C2D /* Reachability.h */ = {isa = PBXFileReference; fileEncoding = 4; lastKnownFileType = sourcecode.c.h; name = Reachability.h; path = Utils/Reachability.h; sourceTree = "<group>"; };
		1A16D15E1BFA9DCB003B3C2D /* Reachability.m */ = {isa = PBXFileReference; fileEncoding = 4; lastKnownFileType = sourcecode.c.objc; name = Reachability.m; path = Utils/Reachability.m; sourceTree = "<group>"; };
		1A16D15F1BFA9DCB003B3C2D /* Utilities.h */ = {isa = PBXFileReference; fileEncoding = 4; lastKnownFileType = sourcecode.c.h; name = Utilities.h; path = Utils/Utilities.h; sourceTree = "<group>"; };
		1A16D1601BFA9DCB003B3C2D /* Utilities.m */ = {isa = PBXFileReference; fileEncoding = 4; lastKnownFileType = sourcecode.c.objc; name = Utilities.m; path = Utils/Utilities.m; sourceTree = "<group>"; };
		1A16D1661BFA9DF6003B3C2D /* MessagesDAL.h */ = {isa = PBXFileReference; fileEncoding = 4; lastKnownFileType = sourcecode.c.h; name = MessagesDAL.h; path = "Route Info/MessagesDAL.h"; sourceTree = "<group>"; };
		1A16D1671BFA9DF6003B3C2D /* MessagesDAL.m */ = {isa = PBXFileReference; fileEncoding = 4; lastKnownFileType = sourcecode.c.objc; name = MessagesDAL.m; path = "Route Info/MessagesDAL.m"; sourceTree = "<group>"; };
		1A16D1681BFA9DF6003B3C2D /* RouteDefinitionDAO.h */ = {isa = PBXFileReference; fileEncoding = 4; lastKnownFileType = sourcecode.c.h; name = RouteDefinitionDAO.h; path = "Route Info/RouteDefinitionDAO.h"; sourceTree = "<group>"; };
		1A16D1691BFA9DF6003B3C2D /* RouteDefinitionDAO.m */ = {isa = PBXFileReference; fileEncoding = 4; lastKnownFileType = sourcecode.c.objc; name = RouteDefinitionDAO.m; path = "Route Info/RouteDefinitionDAO.m"; sourceTree = "<group>"; };
		1A16D16A1BFA9DF6003B3C2D /* RouteDefinitionPost.h */ = {isa = PBXFileReference; fileEncoding = 4; lastKnownFileType = sourcecode.c.h; name = RouteDefinitionPost.h; path = "Route Info/RouteDefinitionPost.h"; sourceTree = "<group>"; };
		1A16D16B1BFA9DF6003B3C2D /* RouteDefinitionPost.m */ = {isa = PBXFileReference; fileEncoding = 4; lastKnownFileType = sourcecode.c.objc; name = RouteDefinitionPost.m; path = "Route Info/RouteDefinitionPost.m"; sourceTree = "<group>"; };
		1A16D16C1BFA9DF6003B3C2D /* RoutesAndAnnounceDAO.h */ = {isa = PBXFileReference; fileEncoding = 4; lastKnownFileType = sourcecode.c.h; name = RoutesAndAnnounceDAO.h; path = "Route Info/RoutesAndAnnounceDAO.h"; sourceTree = "<group>"; };
		1A16D16D1BFA9DF6003B3C2D /* RoutesAndAnnounceDAO.m */ = {isa = PBXFileReference; fileEncoding = 4; lastKnownFileType = sourcecode.c.objc; name = RoutesAndAnnounceDAO.m; path = "Route Info/RoutesAndAnnounceDAO.m"; sourceTree = "<group>"; };
		1A16D16E1BFA9DF6003B3C2D /* RouteSchedulesDAO.h */ = {isa = PBXFileReference; fileEncoding = 4; lastKnownFileType = sourcecode.c.h; name = RouteSchedulesDAO.h; path = "Route Info/RouteSchedulesDAO.h"; sourceTree = "<group>"; };
		1A16D16F1BFA9DF6003B3C2D /* RouteSchedulesDAO.m */ = {isa = PBXFileReference; fileEncoding = 4; lastKnownFileType = sourcecode.c.objc; name = RouteSchedulesDAO.m; path = "Route Info/RouteSchedulesDAO.m"; sourceTree = "<group>"; };
		1A16D1701BFA9DF6003B3C2D /* RouteSchedulesPost.h */ = {isa = PBXFileReference; fileEncoding = 4; lastKnownFileType = sourcecode.c.h; name = RouteSchedulesPost.h; path = "Route Info/RouteSchedulesPost.h"; sourceTree = "<group>"; };
		1A16D1711BFA9DF6003B3C2D /* RouteSchedulesPost.m */ = {isa = PBXFileReference; fileEncoding = 4; lastKnownFileType = sourcecode.c.objc; name = RouteSchedulesPost.m; path = "Route Info/RouteSchedulesPost.m"; sourceTree = "<group>"; };
		1A16D1721BFA9DF6003B3C2D /* RoutesPost.h */ = {isa = PBXFileReference; fileEncoding = 4; lastKnownFileType = sourcecode.c.h; name = RoutesPost.h; path = "Route Info/RoutesPost.h"; sourceTree = "<group>"; };
		1A16D1731BFA9DF6003B3C2D /* RoutesPost.m */ = {isa = PBXFileReference; fileEncoding = 4; lastKnownFileType = sourcecode.c.objc; name = RoutesPost.m; path = "Route Info/RoutesPost.m"; sourceTree = "<group>"; };
		1A16D1741BFA9DF6003B3C2D /* RouteUpdatesDAO.h */ = {isa = PBXFileReference; fileEncoding = 4; lastKnownFileType = sourcecode.c.h; name = RouteUpdatesDAO.h; path = "Route Info/RouteUpdatesDAO.h"; sourceTree = "<group>"; };
		1A16D1751BFA9DF6003B3C2D /* RouteUpdatesDAO.m */ = {isa = PBXFileReference; fileEncoding = 4; lastKnownFileType = sourcecode.c.objc; name = RouteUpdatesDAO.m; path = "Route Info/RouteUpdatesDAO.m"; sourceTree = "<group>"; };
		1A16D1761BFA9DF6003B3C2D /* RouteUpdatesPost.h */ = {isa = PBXFileReference; fileEncoding = 4; lastKnownFileType = sourcecode.c.h; name = RouteUpdatesPost.h; path = "Route Info/RouteUpdatesPost.h"; sourceTree = "<group>"; };
		1A16D1771BFA9DF6003B3C2D /* RouteUpdatesPost.m */ = {isa = PBXFileReference; fileEncoding = 4; lastKnownFileType = sourcecode.c.objc; name = RouteUpdatesPost.m; path = "Route Info/RouteUpdatesPost.m"; sourceTree = "<group>"; };
		1A16D1781BFA9DF6003B3C2D /* RouteVehiclesDAO.h */ = {isa = PBXFileReference; fileEncoding = 4; lastKnownFileType = sourcecode.c.h; name = RouteVehiclesDAO.h; path = "Route Info/RouteVehiclesDAO.h"; sourceTree = "<group>"; };
		1A16D1791BFA9DF6003B3C2D /* RouteVehiclesDAO.m */ = {isa = PBXFileReference; fileEncoding = 4; lastKnownFileType = sourcecode.c.objc; name = RouteVehiclesDAO.m; path = "Route Info/RouteVehiclesDAO.m"; sourceTree = "<group>"; };
		1A16D17A1BFA9DF6003B3C2D /* RouteVehiclesPost.h */ = {isa = PBXFileReference; fileEncoding = 4; lastKnownFileType = sourcecode.c.h; name = RouteVehiclesPost.h; path = "Route Info/RouteVehiclesPost.h"; sourceTree = "<group>"; };
		1A16D17B1BFA9DF6003B3C2D /* RouteVehiclesPost.m */ = {isa = PBXFileReference; fileEncoding = 4; lastKnownFileType = sourcecode.c.objc; name = RouteVehiclesPost.m; path = "Route Info/RouteVehiclesPost.m"; sourceTree = "<group>"; };
		1A16D17C1BFA9DF6003B3C2D /* StopArrivalPredictionDAO.h */ = {isa = PBXFileReference; fileEncoding = 4; lastKnownFileType = sourcecode.c.h; name = StopArrivalPredictionDAO.h; path = "Route Info/StopArrivalPredictionDAO.h"; sourceTree = "<group>"; };
		1A16D17D1BFA9DF6003B3C2D /* StopArrivalPredictionDAO.m */ = {isa = PBXFileReference; fileEncoding = 4; lastKnownFileType = sourcecode.c.objc; name = StopArrivalPredictionDAO.m; path = "Route Info/StopArrivalPredictionDAO.m"; sourceTree = "<group>"; };
		1A16D17E1BFA9DF6003B3C2D /* StopArrivalPredictionPost.h */ = {isa = PBXFileReference; fileEncoding = 4; lastKnownFileType = sourcecode.c.h; name = StopArrivalPredictionPost.h; path = "Route Info/StopArrivalPredictionPost.h"; sourceTree = "<group>"; };
		1A16D17F1BFA9DF6003B3C2D /* StopArrivalPredictionPost.m */ = {isa = PBXFileReference; fileEncoding = 4; lastKnownFileType = sourcecode.c.objc; name = StopArrivalPredictionPost.m; path = "Route Info/StopArrivalPredictionPost.m"; sourceTree = "<group>"; };
		1A16D1D51C023D59003B3C2D /* AESideMenuTableViewController.h */ = {isa = PBXFileReference; fileEncoding = 4; lastKnownFileType = sourcecode.c.h; name = AESideMenuTableViewController.h; path = Views/Menu/AESideMenuTableViewController.h; sourceTree = "<group>"; };
		1A16D1D61C023D59003B3C2D /* AESideMenuTableViewController.m */ = {isa = PBXFileReference; fileEncoding = 4; lastKnownFileType = sourcecode.c.objc; name = AESideMenuTableViewController.m; path = Views/Menu/AESideMenuTableViewController.m; sourceTree = "<group>"; };
		1A16D1D91C023F8C003B3C2D /* AEMenuBannerTableViewCell.h */ = {isa = PBXFileReference; fileEncoding = 4; lastKnownFileType = sourcecode.c.h; name = AEMenuBannerTableViewCell.h; path = Views/Menu/Cells/AEMenuBannerTableViewCell.h; sourceTree = "<group>"; };
		1A16D1DA1C023F8C003B3C2D /* AEMenuBannerTableViewCell.m */ = {isa = PBXFileReference; fileEncoding = 4; lastKnownFileType = sourcecode.c.objc; name = AEMenuBannerTableViewCell.m; path = Views/Menu/Cells/AEMenuBannerTableViewCell.m; sourceTree = "<group>"; };
		1A16D1DC1C024076003B3C2D /* AEMenuFreeLineTableViewCell.h */ = {isa = PBXFileReference; fileEncoding = 4; lastKnownFileType = sourcecode.c.h; name = AEMenuFreeLineTableViewCell.h; path = Views/Menu/Cells/AEMenuFreeLineTableViewCell.h; sourceTree = "<group>"; };
		1A16D1DD1C024076003B3C2D /* AEMenuFreeLineTableViewCell.m */ = {isa = PBXFileReference; fileEncoding = 4; lastKnownFileType = sourcecode.c.objc; name = AEMenuFreeLineTableViewCell.m; path = Views/Menu/Cells/AEMenuFreeLineTableViewCell.m; sourceTree = "<group>"; };
		1A16D1E51C024310003B3C2D /* AEMenuItemTableViewCell.h */ = {isa = PBXFileReference; fileEncoding = 4; lastKnownFileType = sourcecode.c.h; name = AEMenuItemTableViewCell.h; path = Views/Menu/Cells/AEMenuItemTableViewCell.h; sourceTree = "<group>"; };
		1A16D1E61C024310003B3C2D /* AEMenuItemTableViewCell.m */ = {isa = PBXFileReference; fileEncoding = 4; lastKnownFileType = sourcecode.c.objc; name = AEMenuItemTableViewCell.m; path = Views/Menu/Cells/AEMenuItemTableViewCell.m; sourceTree = "<group>"; };
		1A16D1EC1C0245FF003B3C2D /* MenuInfo.h */ = {isa = PBXFileReference; fileEncoding = 4; lastKnownFileType = sourcecode.c.h; name = MenuInfo.h; path = "Views/Menu/Menu Item Info/MenuInfo.h"; sourceTree = "<group>"; };
		1A16D1ED1C0245FF003B3C2D /* MenuInfo.m */ = {isa = PBXFileReference; fileEncoding = 4; lastKnownFileType = sourcecode.c.objc; name = MenuInfo.m; path = "Views/Menu/Menu Item Info/MenuInfo.m"; sourceTree = "<group>"; };
		1A16D1EF1C02461E003B3C2D /* BannerItemInfo.h */ = {isa = PBXFileReference; fileEncoding = 4; lastKnownFileType = sourcecode.c.h; name = BannerItemInfo.h; path = "Views/Menu/Menu Item Info/BannerItemInfo.h"; sourceTree = "<group>"; };
		1A16D1F01C02461E003B3C2D /* BannerItemInfo.m */ = {isa = PBXFileReference; fileEncoding = 4; lastKnownFileType = sourcecode.c.objc; name = BannerItemInfo.m; path = "Views/Menu/Menu Item Info/BannerItemInfo.m"; sourceTree = "<group>"; };
		1A16D1F21C0246B0003B3C2D /* LineInfo.h */ = {isa = PBXFileReference; fileEncoding = 4; lastKnownFileType = sourcecode.c.h; name = LineInfo.h; path = "Views/Menu/Menu Item Info/LineInfo.h"; sourceTree = "<group>"; };
		1A16D1F31C0246B0003B3C2D /* LineInfo.m */ = {isa = PBXFileReference; fileEncoding = 4; lastKnownFileType = sourcecode.c.objc; name = LineInfo.m; path = "Views/Menu/Menu Item Info/LineInfo.m"; sourceTree = "<group>"; };
		1A16D1F51C025905003B3C2D /* ItemInfo.h */ = {isa = PBXFileReference; fileEncoding = 4; lastKnownFileType = sourcecode.c.h; name = ItemInfo.h; path = "Views/Menu/Menu Item Info/ItemInfo.h"; sourceTree = "<group>"; };
		1A16D1F61C025905003B3C2D /* ItemInfo.m */ = {isa = PBXFileReference; fileEncoding = 4; lastKnownFileType = sourcecode.c.objc; name = ItemInfo.m; path = "Views/Menu/Menu Item Info/ItemInfo.m"; sourceTree = "<group>"; };
		1A16D1F81C026092003B3C2D /* MapViewController.h */ = {isa = PBXFileReference; fileEncoding = 4; lastKnownFileType = sourcecode.c.h; name = MapViewController.h; path = "Views/Map View/MapViewController.h"; sourceTree = "<group>"; };
		1A16D1F91C026092003B3C2D /* MapViewController.m */ = {isa = PBXFileReference; fileEncoding = 4; lastKnownFileType = sourcecode.c.objc; name = MapViewController.m; path = "Views/Map View/MapViewController.m"; sourceTree = "<group>"; };
		1A16D1FD1C026EFD003B3C2D /* AllRouteUpdatesViewController.h */ = {isa = PBXFileReference; fileEncoding = 4; lastKnownFileType = sourcecode.c.h; name = AllRouteUpdatesViewController.h; path = "Views/All Route Updates/AllRouteUpdatesViewController.h"; sourceTree = "<group>"; };
		1A16D1FE1C026EFD003B3C2D /* AllRouteUpdatesViewController.m */ = {isa = PBXFileReference; fileEncoding = 4; lastKnownFileType = sourcecode.c.objc; name = AllRouteUpdatesViewController.m; path = "Views/All Route Updates/AllRouteUpdatesViewController.m"; sourceTree = "<group>"; };
		1A16D2001C026F10003B3C2D /* NewsAndAboutViewController.h */ = {isa = PBXFileReference; fileEncoding = 4; lastKnownFileType = sourcecode.c.h; name = NewsAndAboutViewController.h; path = "Views/News and About/NewsAndAboutViewController.h"; sourceTree = "<group>"; };
		1A16D2011C026F10003B3C2D /* NewsAndAboutViewController.m */ = {isa = PBXFileReference; fileEncoding = 4; lastKnownFileType = sourcecode.c.objc; name = NewsAndAboutViewController.m; path = "Views/News and About/NewsAndAboutViewController.m"; sourceTree = "<group>"; };
		1A16D20B1C04E92A003B3C2D /* AEGetRoutesOp.h */ = {isa = PBXFileReference; fileEncoding = 4; lastKnownFileType = sourcecode.c.h; name = AEGetRoutesOp.h; path = "AE Data Retrieval/AEGetRoutesOp.h"; sourceTree = "<group>"; };
		1A16D20C1C04E92A003B3C2D /* AEGetRoutesOp.m */ = {isa = PBXFileReference; fileEncoding = 4; lastKnownFileType = sourcecode.c.objc; name = AEGetRoutesOp.m; path = "AE Data Retrieval/AEGetRoutesOp.m"; sourceTree = "<group>"; };
		1A16D20E1C0E6B93003B3C2D /* AEGetRouteDefinition.h */ = {isa = PBXFileReference; fileEncoding = 4; lastKnownFileType = sourcecode.c.h; name = AEGetRouteDefinition.h; path = "AE Data Retrieval/AEGetRouteDefinition.h"; sourceTree = "<group>"; };
		1A16D20F1C0E6B93003B3C2D /* AEGetRouteDefinition.m */ = {isa = PBXFileReference; fileEncoding = 4; lastKnownFileType = sourcecode.c.objc; name = AEGetRouteDefinition.m; path = "AE Data Retrieval/AEGetRouteDefinition.m"; sourceTree = "<group>"; };
		1A34B34A1CBE17A3004CF2F0 /* 75-phone.png */ = {isa = PBXFileReference; lastKnownFileType = image.png; path = "75-phone.png"; sourceTree = "<group>"; };
		1A34B34B1CBE17A3004CF2F0 /* 103-map.png */ = {isa = PBXFileReference; lastKnownFileType = image.png; path = "103-map.png"; sourceTree = "<group>"; };
		1A34B34C1CBE17A3004CF2F0 /* 112-group.png */ = {isa = PBXFileReference; lastKnownFileType = image.png; path = "112-group.png"; sourceTree = "<group>"; };
		1A3AA5C81D9F404000B0D05B /* AnnouncementsPost.h */ = {isa = PBXFileReference; fileEncoding = 4; lastKnownFileType = sourcecode.c.h; name = AnnouncementsPost.h; path = "Route Info/AnnouncementsPost.h"; sourceTree = "<group>"; };
		1A3AA5C91D9F404000B0D05B /* AnnouncementsPost.m */ = {isa = PBXFileReference; fileEncoding = 4; lastKnownFileType = sourcecode.c.objc; name = AnnouncementsPost.m; path = "Route Info/AnnouncementsPost.m"; sourceTree = "<group>"; };
		1A3AA5CB1D9F41DE00B0D05B /* RouteWaypoints.h */ = {isa = PBXFileReference; fileEncoding = 4; lastKnownFileType = sourcecode.c.h; name = RouteWaypoints.h; path = "Data Model/RouteWaypoints.h"; sourceTree = "<group>"; };
		1A3AA5CC1D9F41DE00B0D05B /* RouteWaypoints.m */ = {isa = PBXFileReference; fileEncoding = 4; lastKnownFileType = sourcecode.c.objc; name = RouteWaypoints.m; path = "Data Model/RouteWaypoints.m"; sourceTree = "<group>"; };
		1A3AA5CE1D9F53CC00B0D05B /* NSString+Count.h */ = {isa = PBXFileReference; fileEncoding = 4; lastKnownFileType = sourcecode.c.h; name = "NSString+Count.h"; path = "Utils/NSString+Count.h"; sourceTree = "<group>"; };
		1A3AA5CF1D9F53CC00B0D05B /* NSString+Count.m */ = {isa = PBXFileReference; fileEncoding = 4; lastKnownFileType = sourcecode.c.objc; name = "NSString+Count.m"; path = "Utils/NSString+Count.m"; sourceTree = "<group>"; };
		1A4B6F011C27357F00C730EC /* MapControlInfo.h */ = {isa = PBXFileReference; fileEncoding = 4; lastKnownFileType = sourcecode.c.h; name = MapControlInfo.h; path = "Views/Menu/Menu Item Info/MapControlInfo.h"; sourceTree = "<group>"; };
		1A4B6F021C27357F00C730EC /* MapControlInfo.m */ = {isa = PBXFileReference; fileEncoding = 4; lastKnownFileType = sourcecode.c.objc; name = MapControlInfo.m; path = "Views/Menu/Menu Item Info/MapControlInfo.m"; sourceTree = "<group>"; };
		1A4B6F041C27360300C730EC /* AEMenuMapControlTableViewCell.h */ = {isa = PBXFileReference; fileEncoding = 4; lastKnownFileType = sourcecode.c.h; name = AEMenuMapControlTableViewCell.h; path = Views/Menu/Cells/AEMenuMapControlTableViewCell.h; sourceTree = "<group>"; };
		1A4B6F051C27360300C730EC /* AEMenuMapControlTableViewCell.m */ = {isa = PBXFileReference; fileEncoding = 4; lastKnownFileType = sourcecode.c.objc; name = AEMenuMapControlTableViewCell.m; path = Views/Menu/Cells/AEMenuMapControlTableViewCell.m; sourceTree = "<group>"; };
		1A4B6F0D1C28B5C400C730EC /* AEStopAnnotation.h */ = {isa = PBXFileReference; fileEncoding = 4; lastKnownFileType = sourcecode.c.h; name = AEStopAnnotation.h; path = "Views/Map View/AEStopAnnotation.h"; sourceTree = "<group>"; };
		1A4B6F0E1C28B5C400C730EC /* AEStopAnnotation.m */ = {isa = PBXFileReference; fileEncoding = 4; lastKnownFileType = sourcecode.c.objc; name = AEStopAnnotation.m; path = "Views/Map View/AEStopAnnotation.m"; sourceTree = "<group>"; };
		1A4B6F101C29FFAB00C730EC /* AEStopAnnotationView.h */ = {isa = PBXFileReference; fileEncoding = 4; lastKnownFileType = sourcecode.c.h; name = AEStopAnnotationView.h; path = "Views/Map View/AEStopAnnotationView.h"; sourceTree = "<group>"; };
		1A4B6F111C29FFAB00C730EC /* AEStopAnnotationView.m */ = {isa = PBXFileReference; fileEncoding = 4; lastKnownFileType = sourcecode.c.objc; name = AEStopAnnotationView.m; path = "Views/Map View/AEStopAnnotationView.m"; sourceTree = "<group>"; };
		1A4B6F131C2B97A600C730EC /* ColorCircleView.h */ = {isa = PBXFileReference; fileEncoding = 4; lastKnownFileType = sourcecode.c.h; name = ColorCircleView.h; path = "Views/Map View/ColorCircleView.h"; sourceTree = "<group>"; };
		1A4B6F141C2B97A600C730EC /* ColorCircleView.m */ = {isa = PBXFileReference; fileEncoding = 4; lastKnownFileType = sourcecode.c.objc; name = ColorCircleView.m; path = "Views/Map View/ColorCircleView.m"; sourceTree = "<group>"; };
		1A68289F1C474A4C0062B49F /* AEVehicleAnnotation.h */ = {isa = PBXFileReference; fileEncoding = 4; lastKnownFileType = sourcecode.c.h; name = AEVehicleAnnotation.h; path = "Views/Map View/AEVehicleAnnotation.h"; sourceTree = "<group>"; };
		1A6828A01C474A4C0062B49F /* AEVehicleAnnotation.m */ = {isa = PBXFileReference; fileEncoding = 4; lastKnownFileType = sourcecode.c.objc; name = AEVehicleAnnotation.m; path = "Views/Map View/AEVehicleAnnotation.m"; sourceTree = "<group>"; };
		1A6828A21C474EAE0062B49F /* AEVehicleAnnotationView.h */ = {isa = PBXFileReference; fileEncoding = 4; lastKnownFileType = sourcecode.c.h; name = AEVehicleAnnotationView.h; path = "Views/Map View/AEVehicleAnnotationView.h"; sourceTree = "<group>"; };
		1A6828A31C474EAE0062B49F /* AEVehicleAnnotationView.m */ = {isa = PBXFileReference; fileEncoding = 4; lastKnownFileType = sourcecode.c.objc; name = AEVehicleAnnotationView.m; path = "Views/Map View/AEVehicleAnnotationView.m"; sourceTree = "<group>"; };
		1A6828A51C47522A0062B49F /* AEGetVehiclesOp.h */ = {isa = PBXFileReference; fileEncoding = 4; lastKnownFileType = sourcecode.c.h; name = AEGetVehiclesOp.h; path = "AE Data Retrieval/AEGetVehiclesOp.h"; sourceTree = "<group>"; };
		1A6828A61C47522A0062B49F /* AEGetVehiclesOp.m */ = {isa = PBXFileReference; fileEncoding = 4; lastKnownFileType = sourcecode.c.objc; name = AEGetVehiclesOp.m; path = "AE Data Retrieval/AEGetVehiclesOp.m"; sourceTree = "<group>"; };
		1A6828A81C48B56A0062B49F /* AEGetArrivalPredictionsOp.h */ = {isa = PBXFileReference; fileEncoding = 4; lastKnownFileType = sourcecode.c.h; name = AEGetArrivalPredictionsOp.h; path = "AE Data Retrieval/AEGetArrivalPredictionsOp.h"; sourceTree = "<group>"; };
		1A6828A91C48B56A0062B49F /* AEGetArrivalPredictionsOp.m */ = {isa = PBXFileReference; fileEncoding = 4; lastKnownFileType = sourcecode.c.objc; name = AEGetArrivalPredictionsOp.m; path = "AE Data Retrieval/AEGetArrivalPredictionsOp.m"; sourceTree = "<group>"; };
		1A6828AB1C49821F0062B49F /* ArrivalPredictionView.h */ = {isa = PBXFileReference; fileEncoding = 4; lastKnownFileType = sourcecode.c.h; name = ArrivalPredictionView.h; path = "Views/Map View/ArrivalPredictionView.h"; sourceTree = "<group>"; };
		1A6828AC1C49821F0062B49F /* ArrivalPredictionView.m */ = {isa = PBXFileReference; fileEncoding = 4; lastKnownFileType = sourcecode.c.objc; name = ArrivalPredictionView.m; path = "Views/Map View/ArrivalPredictionView.m"; sourceTree = "<group>"; };
		1A6828AE1C4983960062B49F /* ArrivalPredictionView.xib */ = {isa = PBXFileReference; fileEncoding = 4; lastKnownFileType = file.xib; name = ArrivalPredictionView.xib; path = "Views/Map View/ArrivalPredictionView.xib"; sourceTree = "<group>"; };
		1A773E351C82C9990023DCA8 /* en */ = {isa = PBXFileReference; lastKnownFileType = file.storyboard; name = en; path = "en.lproj/Launch Screen.storyboard"; sourceTree = "<group>"; };
		1A79CB8B1C30DC940091DD62 /* Images.xcassets */ = {isa = PBXFileReference; lastKnownFileType = folder.assetcatalog; path = Images.xcassets; sourceTree = "<group>"; };
		1A79CB931C337F1F0091DD62 /* CircleCheckmark.h */ = {isa = PBXFileReference; fileEncoding = 4; lastKnownFileType = sourcecode.c.h; name = CircleCheckmark.h; path = Views/Menu/Cells/CircleCheckmark.h; sourceTree = "<group>"; };
		1A79CB941C337F1F0091DD62 /* CircleCheckmark.m */ = {isa = PBXFileReference; fileEncoding = 4; lastKnownFileType = sourcecode.c.objc; name = CircleCheckmark.m; path = Views/Menu/Cells/CircleCheckmark.m; sourceTree = "<group>"; };
		1AC96F9A1D99E1240079AF7B /* AEDataModel.h */ = {isa = PBXFileReference; fileEncoding = 4; lastKnownFileType = sourcecode.c.h; name = AEDataModel.h; path = "Data Model/AEDataModel.h"; sourceTree = "<group>"; };
		1AC96F9B1D99E1240079AF7B /* AEDataModel.m */ = {isa = PBXFileReference; fileEncoding = 4; lastKnownFileType = sourcecode.c.objc; name = AEDataModel.m; path = "Data Model/AEDataModel.m"; sourceTree = "<group>"; };
		1AC96F9D1D99E60B0079AF7B /* Route.h */ = {isa = PBXFileReference; fileEncoding = 4; lastKnownFileType = sourcecode.c.h; name = Route.h; path = "Data Model/Route.h"; sourceTree = "<group>"; };
		1AC96F9E1D99E60B0079AF7B /* Route.m */ = {isa = PBXFileReference; fileEncoding = 4; lastKnownFileType = sourcecode.c.objc; name = Route.m; path = "Data Model/Route.m"; sourceTree = "<group>"; };
		1AC96FA01D99E61D0079AF7B /* Region.h */ = {isa = PBXFileReference; fileEncoding = 4; lastKnownFileType = sourcecode.c.h; name = Region.h; path = "Data Model/Region.h"; sourceTree = "<group>"; };
		1AC96FA11D99E61D0079AF7B /* Region.m */ = {isa = PBXFileReference; fileEncoding = 4; lastKnownFileType = sourcecode.c.objc; name = Region.m; path = "Data Model/Region.m"; sourceTree = "<group>"; };
		1AC96FA61D99E69F0079AF7B /* Stop.h */ = {isa = PBXFileReference; fileEncoding = 4; lastKnownFileType = sourcecode.c.h; name = Stop.h; path = "Data Model/Stop.h"; sourceTree = "<group>"; };
		1AC96FA71D99E69F0079AF7B /* Stop.m */ = {isa = PBXFileReference; fileEncoding = 4; lastKnownFileType = sourcecode.c.objc; name = Stop.m; path = "Data Model/Stop.m"; sourceTree = "<group>"; };
		1AC96FA91D99E83D0079AF7B /* Vehicle.h */ = {isa = PBXFileReference; fileEncoding = 4; lastKnownFileType = sourcecode.c.h; name = Vehicle.h; path = "Data Model/Vehicle.h"; sourceTree = "<group>"; };
		1AC96FAA1D99E83D0079AF7B /* Vehicle.m */ = {isa = PBXFileReference; fileEncoding = 4; lastKnownFileType = sourcecode.c.objc; name = Vehicle.m; path = "Data Model/Vehicle.m"; sourceTree = "<group>"; };
		1AC96FAC1D99EFE30079AF7B /* UCIShuttlesRequest.h */ = {isa = PBXFileReference; fileEncoding = 4; lastKnownFileType = sourcecode.c.h; name = UCIShuttlesRequest.h; path = "Data Model/UCIShuttlesRequest.h"; sourceTree = "<group>"; };
		1AC96FAD1D99EFE30079AF7B /* UCIShuttlesRequest.m */ = {isa = PBXFileReference; fileEncoding = 4; lastKnownFileType = sourcecode.c.objc; name = UCIShuttlesRequest.m; path = "Data Model/UCIShuttlesRequest.m"; sourceTree = "<group>"; };
		1AC96FAF1D99F73E0079AF7B /* Direction.h */ = {isa = PBXFileReference; fileEncoding = 4; lastKnownFileType = sourcecode.c.h; name = Direction.h; path = "Data Model/Direction.h"; sourceTree = "<group>"; };
		1AC96FB01D99F73E0079AF7B /* Direction.m */ = {isa = PBXFileReference; fileEncoding = 4; lastKnownFileType = sourcecode.c.objc; name = Direction.m; path = "Data Model/Direction.m"; sourceTree = "<group>"; };
		1AC96FB21D99F82E0079AF7B /* Arrival.h */ = {isa = PBXFileReference; fileEncoding = 4; lastKnownFileType = sourcecode.c.h; name = Arrival.h; path = "Data Model/Arrival.h"; sourceTree = "<group>"; };
		1AC96FB31D99F82E0079AF7B /* Arrival.m */ = {isa = PBXFileReference; fileEncoding = 4; lastKnownFileType = sourcecode.c.objc; name = Arrival.m; path = "Data Model/Arrival.m"; sourceTree = "<group>"; };
		1ACBE59C1CC065860044401C /* ExactTimeTableViewCell.h */ = {isa = PBXFileReference; fileEncoding = 4; lastKnownFileType = sourcecode.c.h; name = ExactTimeTableViewCell.h; path = "Views/Route Detail/ExactTimeTableViewCell.h"; sourceTree = "<group>"; };
		1ACBE59D1CC065860044401C /* ExactTimeTableViewCell.m */ = {isa = PBXFileReference; fileEncoding = 4; lastKnownFileType = sourcecode.c.objc; name = ExactTimeTableViewCell.m; path = "Views/Route Detail/ExactTimeTableViewCell.m"; sourceTree = "<group>"; };
		1ACBE59F1CC0ADD40044401C /* AnteaterExpress_logo_title_isolated_wide.png */ = {isa = PBXFileReference; lastKnownFileType = image.png; path = AnteaterExpress_logo_title_isolated_wide.png; sourceTree = "<group>"; };
		1ACBE5A11CC0B10E0044401C /* ASMapView.h */ = {isa = PBXFileReference; fileEncoding = 4; lastKnownFileType = sourcecode.c.h; name = ASMapView.h; path = Utils/ASMapView.h; sourceTree = "<group>"; };
		1ACBE5A21CC0B10E0044401C /* ASMapView.m */ = {isa = PBXFileReference; fileEncoding = 4; lastKnownFileType = sourcecode.c.objc; name = ASMapView.m; path = Utils/ASMapView.m; sourceTree = "<group>"; };
		1D5C8B9B9860959990152F3F /* Pods_Anteater_Express.framework */ = {isa = PBXFileReference; explicitFileType = wrapper.framework; includeInIndex = 0; path = Pods_Anteater_Express.framework; sourceTree = BUILT_PRODUCTS_DIR; };
		4A4E0C4916D09149003E0668 /* SystemConfiguration.framework */ = {isa = PBXFileReference; lastKnownFileType = wrapper.framework; name = SystemConfiguration.framework; path = System/Library/Frameworks/SystemConfiguration.framework; sourceTree = SDKROOT; };
		4A53A84C1566DDEE00D191AC /* shuttle_E_moving.png */ = {isa = PBXFileReference; lastKnownFileType = image.png; path = shuttle_E_moving.png; sourceTree = "<group>"; };
		4A53A84D1566DDEE00D191AC /* shuttle_E_stopped.png */ = {isa = PBXFileReference; lastKnownFileType = image.png; path = shuttle_E_stopped.png; sourceTree = "<group>"; };
		4A53A84E1566DDEE00D191AC /* shuttle_N_moving.png */ = {isa = PBXFileReference; lastKnownFileType = image.png; path = shuttle_N_moving.png; sourceTree = "<group>"; };
		4A53A84F1566DDEE00D191AC /* shuttle_N_stopped.png */ = {isa = PBXFileReference; lastKnownFileType = image.png; path = shuttle_N_stopped.png; sourceTree = "<group>"; };
		4A53A8501566DDEE00D191AC /* shuttle_NE_moving.png */ = {isa = PBXFileReference; lastKnownFileType = image.png; path = shuttle_NE_moving.png; sourceTree = "<group>"; };
		4A53A8511566DDEE00D191AC /* shuttle_NE_stopped.png */ = {isa = PBXFileReference; lastKnownFileType = image.png; path = shuttle_NE_stopped.png; sourceTree = "<group>"; };
		4A53A8521566DDEE00D191AC /* shuttle_NW_moving.png */ = {isa = PBXFileReference; lastKnownFileType = image.png; path = shuttle_NW_moving.png; sourceTree = "<group>"; };
		4A53A8531566DDEE00D191AC /* shuttle_NW_stopped.png */ = {isa = PBXFileReference; lastKnownFileType = image.png; path = shuttle_NW_stopped.png; sourceTree = "<group>"; };
		4A53A8541566DDEE00D191AC /* shuttle_S_moving.png */ = {isa = PBXFileReference; lastKnownFileType = image.png; path = shuttle_S_moving.png; sourceTree = "<group>"; };
		4A53A8551566DDEE00D191AC /* shuttle_S_stopped.png */ = {isa = PBXFileReference; lastKnownFileType = image.png; path = shuttle_S_stopped.png; sourceTree = "<group>"; };
		4A53A8561566DDEE00D191AC /* shuttle_SE_moving.png */ = {isa = PBXFileReference; lastKnownFileType = image.png; path = shuttle_SE_moving.png; sourceTree = "<group>"; };
		4A53A8571566DDEE00D191AC /* shuttle_SE_stopped.png */ = {isa = PBXFileReference; lastKnownFileType = image.png; path = shuttle_SE_stopped.png; sourceTree = "<group>"; };
		4A53A8581566DDEE00D191AC /* shuttle_SW_moving.png */ = {isa = PBXFileReference; lastKnownFileType = image.png; path = shuttle_SW_moving.png; sourceTree = "<group>"; };
		4A53A8591566DDEE00D191AC /* shuttle_SW_stopped.png */ = {isa = PBXFileReference; lastKnownFileType = image.png; path = shuttle_SW_stopped.png; sourceTree = "<group>"; };
		4A53A85A1566DDEE00D191AC /* shuttle_W_moving.png */ = {isa = PBXFileReference; lastKnownFileType = image.png; path = shuttle_W_moving.png; sourceTree = "<group>"; };
		4A53A85B1566DDEE00D191AC /* shuttle_W_stopped.png */ = {isa = PBXFileReference; lastKnownFileType = image.png; path = shuttle_W_stopped.png; sourceTree = "<group>"; };
		4A76A6DA1559016100D99B14 /* Anteater Ex.app */ = {isa = PBXFileReference; explicitFileType = wrapper.application; includeInIndex = 0; path = "Anteater Ex.app"; sourceTree = BUILT_PRODUCTS_DIR; };
		4A76A6DE1559016100D99B14 /* UIKit.framework */ = {isa = PBXFileReference; lastKnownFileType = wrapper.framework; name = UIKit.framework; path = System/Library/Frameworks/UIKit.framework; sourceTree = SDKROOT; };
		4A76A6E01559016100D99B14 /* Foundation.framework */ = {isa = PBXFileReference; lastKnownFileType = wrapper.framework; name = Foundation.framework; path = System/Library/Frameworks/Foundation.framework; sourceTree = SDKROOT; };
		4A76A6E21559016100D99B14 /* CoreGraphics.framework */ = {isa = PBXFileReference; lastKnownFileType = wrapper.framework; name = CoreGraphics.framework; path = System/Library/Frameworks/CoreGraphics.framework; sourceTree = SDKROOT; };
		4A76A6E61559016100D99B14 /* Anteater Express-Info.plist */ = {isa = PBXFileReference; lastKnownFileType = text.plist.xml; path = "Anteater Express-Info.plist"; sourceTree = "<group>"; };
		4A76A6E81559016100D99B14 /* en */ = {isa = PBXFileReference; lastKnownFileType = text.plist.strings; name = en; path = en.lproj/InfoPlist.strings; sourceTree = "<group>"; };
		4A76A6EA1559016100D99B14 /* main.m */ = {isa = PBXFileReference; lastKnownFileType = sourcecode.c.objc; path = main.m; sourceTree = "<group>"; };
		4A76A6EC1559016100D99B14 /* Anteater Express-Prefix.pch */ = {isa = PBXFileReference; lastKnownFileType = sourcecode.c.h; path = "Anteater Express-Prefix.pch"; sourceTree = "<group>"; };
		4A76A6ED1559016100D99B14 /* AppDelegate.h */ = {isa = PBXFileReference; lastKnownFileType = sourcecode.c.h; path = AppDelegate.h; sourceTree = "<group>"; };
		4A76A6EE1559016100D99B14 /* AppDelegate.m */ = {isa = PBXFileReference; lastKnownFileType = sourcecode.c.objc; path = AppDelegate.m; sourceTree = "<group>"; };
		4A76A6F11559016100D99B14 /* en */ = {isa = PBXFileReference; lastKnownFileType = file.storyboard; name = en; path = en.lproj/MainStoryboard_iPhone.storyboard; sourceTree = "<group>"; };
		4AC8B4E315E03CDC007C6CE3 /* UIUnreadIndicator.png */ = {isa = PBXFileReference; lastKnownFileType = image.png; path = UIUnreadIndicator.png; sourceTree = "<group>"; };
		4AC8B4E415E03CDC007C6CE3 /* UIUnreadIndicatorPressed.png */ = {isa = PBXFileReference; lastKnownFileType = image.png; path = UIUnreadIndicatorPressed.png; sourceTree = "<group>"; };
		4AD1F9FA155C392000978EAA /* CoreLocation.framework */ = {isa = PBXFileReference; lastKnownFileType = wrapper.framework; name = CoreLocation.framework; path = System/Library/Frameworks/CoreLocation.framework; sourceTree = SDKROOT; };
		4AD1F9FD155C393100978EAA /* MapKit.framework */ = {isa = PBXFileReference; lastKnownFileType = wrapper.framework; name = MapKit.framework; path = System/Library/Frameworks/MapKit.framework; sourceTree = SDKROOT; };
		4AE5283216E348A6003FCA0E /* CoreData.framework */ = {isa = PBXFileReference; lastKnownFileType = wrapper.framework; name = CoreData.framework; path = System/Library/Frameworks/CoreData.framework; sourceTree = SDKROOT; };
		8DFF9142DA392017210201F9 /* Pods-Anteater Express.debug.xcconfig */ = {isa = PBXFileReference; includeInIndex = 1; lastKnownFileType = text.xcconfig; name = "Pods-Anteater Express.debug.xcconfig"; path = "Pods/Target Support Files/Pods-Anteater Express/Pods-Anteater Express.debug.xcconfig"; sourceTree = "<group>"; };
		C8076CAE719BBF4CBF437DB5 /* Pods-Anteater Express.appstore.xcconfig */ = {isa = PBXFileReference; includeInIndex = 1; lastKnownFileType = text.xcconfig; name = "Pods-Anteater Express.appstore.xcconfig"; path = "Pods/Target Support Files/Pods-Anteater Express/Pods-Anteater Express.appstore.xcconfig"; sourceTree = "<group>"; };
		F28E800220469B1D3166B46A /* Pods-Anteater Express.release.xcconfig */ = {isa = PBXFileReference; includeInIndex = 1; lastKnownFileType = text.xcconfig; name = "Pods-Anteater Express.release.xcconfig"; path = "Pods/Target Support Files/Pods-Anteater Express/Pods-Anteater Express.release.xcconfig"; sourceTree = "<group>"; };
/* End PBXFileReference section */

/* Begin PBXFrameworksBuildPhase section */
		4A76A6D71559016100D99B14 /* Frameworks */ = {
			isa = PBXFrameworksBuildPhase;
			buildActionMask = 2147483647;
			files = (
				4AE5283316E348A6003FCA0E /* CoreData.framework in Frameworks */,
				4A4E0C4A16D09149003E0668 /* SystemConfiguration.framework in Frameworks */,
				4AD1F9FE155C393100978EAA /* MapKit.framework in Frameworks */,
				4AD1F9FB155C392000978EAA /* CoreLocation.framework in Frameworks */,
				4A76A6DF1559016100D99B14 /* UIKit.framework in Frameworks */,
				4A76A6E11559016100D99B14 /* Foundation.framework in Frameworks */,
				4A76A6E31559016100D99B14 /* CoreGraphics.framework in Frameworks */,
				93B7E7DF2089E4A01243C74D /* Pods_Anteater_Express.framework in Frameworks */,
			);
			runOnlyForDeploymentPostprocessing = 0;
		};
/* End PBXFrameworksBuildPhase section */

/* Begin PBXGroup section */
		1A015EFF1C7C2B1900AB7C8E /* Route Detail */ = {
			isa = PBXGroup;
			children = (
				1A015EFC1C7C2B1300AB7C8E /* RouteDetailViewController.h */,
				1A015EFD1C7C2B1300AB7C8E /* RouteDetailViewController.m */,
				1ACBE59C1CC065860044401C /* ExactTimeTableViewCell.h */,
				1ACBE59D1CC065860044401C /* ExactTimeTableViewCell.m */,
			);
			name = "Route Detail";
			sourceTree = "<group>";
		};
		1A16D1D01C023CDF003B3C2D /* Views */ = {
			isa = PBXGroup;
			children = (
				1A16D1D41C023D0D003B3C2D /* News and About */,
				1A16D1D31C023D06003B3C2D /* All Route Updates */,
				1A16D1D21C023CFE003B3C2D /* Map View */,
				1A16D1D11C023CF5003B3C2D /* Menu */,
				1A015EFF1C7C2B1900AB7C8E /* Route Detail */,
			);
			name = Views;
			sourceTree = "<group>";
		};
		1A16D1D11C023CF5003B3C2D /* Menu */ = {
			isa = PBXGroup;
			children = (
				1A16D1EB1C0245DB003B3C2D /* Menu Item Info */,
				1A16D1D81C023F6F003B3C2D /* Cells */,
				1A16D1D51C023D59003B3C2D /* AESideMenuTableViewController.h */,
				1A16D1D61C023D59003B3C2D /* AESideMenuTableViewController.m */,
			);
			name = Menu;
			sourceTree = "<group>";
		};
		1A16D1D21C023CFE003B3C2D /* Map View */ = {
			isa = PBXGroup;
			children = (
				1A413A071C534F6C00454E0E /* Stop Annotations */,
				1A413A081C534F8800454E0E /* Vehicle Annotations */,
				1A16D1F81C026092003B3C2D /* MapViewController.h */,
				1A16D1F91C026092003B3C2D /* MapViewController.m */,
			);
			name = "Map View";
			sourceTree = "<group>";
		};
		1A16D1D31C023D06003B3C2D /* All Route Updates */ = {
			isa = PBXGroup;
			children = (
				1A16D1FD1C026EFD003B3C2D /* AllRouteUpdatesViewController.h */,
				1A16D1FE1C026EFD003B3C2D /* AllRouteUpdatesViewController.m */,
			);
			name = "All Route Updates";
			sourceTree = "<group>";
		};
		1A16D1D41C023D0D003B3C2D /* News and About */ = {
			isa = PBXGroup;
			children = (
				1A16D2001C026F10003B3C2D /* NewsAndAboutViewController.h */,
				1A16D2011C026F10003B3C2D /* NewsAndAboutViewController.m */,
			);
			name = "News and About";
			sourceTree = "<group>";
		};
		1A16D1D81C023F6F003B3C2D /* Cells */ = {
			isa = PBXGroup;
			children = (
				1A16D1D91C023F8C003B3C2D /* AEMenuBannerTableViewCell.h */,
				1A16D1DA1C023F8C003B3C2D /* AEMenuBannerTableViewCell.m */,
				1A16D1DC1C024076003B3C2D /* AEMenuFreeLineTableViewCell.h */,
				1A16D1DD1C024076003B3C2D /* AEMenuFreeLineTableViewCell.m */,
				1A16D1E51C024310003B3C2D /* AEMenuItemTableViewCell.h */,
				1A16D1E61C024310003B3C2D /* AEMenuItemTableViewCell.m */,
				1A4B6F041C27360300C730EC /* AEMenuMapControlTableViewCell.h */,
				1A4B6F051C27360300C730EC /* AEMenuMapControlTableViewCell.m */,
				1A79CB931C337F1F0091DD62 /* CircleCheckmark.h */,
				1A79CB941C337F1F0091DD62 /* CircleCheckmark.m */,
			);
			name = Cells;
			sourceTree = "<group>";
		};
		1A16D1EB1C0245DB003B3C2D /* Menu Item Info */ = {
			isa = PBXGroup;
			children = (
				1A16D1EC1C0245FF003B3C2D /* MenuInfo.h */,
				1A16D1ED1C0245FF003B3C2D /* MenuInfo.m */,
				1A16D1EF1C02461E003B3C2D /* BannerItemInfo.h */,
				1A16D1F01C02461E003B3C2D /* BannerItemInfo.m */,
				1A16D1F21C0246B0003B3C2D /* LineInfo.h */,
				1A16D1F31C0246B0003B3C2D /* LineInfo.m */,
				1A16D1F51C025905003B3C2D /* ItemInfo.h */,
				1A16D1F61C025905003B3C2D /* ItemInfo.m */,
				1A4B6F011C27357F00C730EC /* MapControlInfo.h */,
				1A4B6F021C27357F00C730EC /* MapControlInfo.m */,
			);
			name = "Menu Item Info";
			sourceTree = "<group>";
		};
		1A16D20A1C04E8FD003B3C2D /* AE Data Retrieval */ = {
			isa = PBXGroup;
			children = (
				1A16D20B1C04E92A003B3C2D /* AEGetRoutesOp.h */,
				1A16D20C1C04E92A003B3C2D /* AEGetRoutesOp.m */,
				1A16D20E1C0E6B93003B3C2D /* AEGetRouteDefinition.h */,
				1A16D20F1C0E6B93003B3C2D /* AEGetRouteDefinition.m */,
				1A6828A51C47522A0062B49F /* AEGetVehiclesOp.h */,
				1A6828A61C47522A0062B49F /* AEGetVehiclesOp.m */,
				1A6828A81C48B56A0062B49F /* AEGetArrivalPredictionsOp.h */,
				1A6828A91C48B56A0062B49F /* AEGetArrivalPredictionsOp.m */,
			);
			name = "AE Data Retrieval";
			sourceTree = "<group>";
		};
		1A413A071C534F6C00454E0E /* Stop Annotations */ = {
			isa = PBXGroup;
			children = (
				1A4B6F0D1C28B5C400C730EC /* AEStopAnnotation.h */,
				1A4B6F0E1C28B5C400C730EC /* AEStopAnnotation.m */,
				1A4B6F101C29FFAB00C730EC /* AEStopAnnotationView.h */,
				1A4B6F111C29FFAB00C730EC /* AEStopAnnotationView.m */,
				1A4B6F131C2B97A600C730EC /* ColorCircleView.h */,
				1A4B6F141C2B97A600C730EC /* ColorCircleView.m */,
				1A6828AB1C49821F0062B49F /* ArrivalPredictionView.h */,
				1A6828AC1C49821F0062B49F /* ArrivalPredictionView.m */,
				1A6828AE1C4983960062B49F /* ArrivalPredictionView.xib */,
			);
			name = "Stop Annotations";
			sourceTree = "<group>";
		};
		1A413A081C534F8800454E0E /* Vehicle Annotations */ = {
			isa = PBXGroup;
			children = (
				1A68289F1C474A4C0062B49F /* AEVehicleAnnotation.h */,
				1A6828A01C474A4C0062B49F /* AEVehicleAnnotation.m */,
				1A6828A21C474EAE0062B49F /* AEVehicleAnnotationView.h */,
				1A6828A31C474EAE0062B49F /* AEVehicleAnnotationView.m */,
			);
			name = "Vehicle Annotations";
			sourceTree = "<group>";
		};
		1A52FAC31BF5573E00AF783B /* Route Info */ = {
			isa = PBXGroup;
			children = (
				1A3AA5C81D9F404000B0D05B /* AnnouncementsPost.h */,
				1A3AA5C91D9F404000B0D05B /* AnnouncementsPost.m */,
				1A16D1661BFA9DF6003B3C2D /* MessagesDAL.h */,
				1A16D1671BFA9DF6003B3C2D /* MessagesDAL.m */,
				1A16D1681BFA9DF6003B3C2D /* RouteDefinitionDAO.h */,
				1A16D1691BFA9DF6003B3C2D /* RouteDefinitionDAO.m */,
				1A16D16A1BFA9DF6003B3C2D /* RouteDefinitionPost.h */,
				1A16D16B1BFA9DF6003B3C2D /* RouteDefinitionPost.m */,
				1A16D16C1BFA9DF6003B3C2D /* RoutesAndAnnounceDAO.h */,
				1A16D16D1BFA9DF6003B3C2D /* RoutesAndAnnounceDAO.m */,
				1A16D16E1BFA9DF6003B3C2D /* RouteSchedulesDAO.h */,
				1A16D16F1BFA9DF6003B3C2D /* RouteSchedulesDAO.m */,
				1A16D1701BFA9DF6003B3C2D /* RouteSchedulesPost.h */,
				1A16D1711BFA9DF6003B3C2D /* RouteSchedulesPost.m */,
				1A16D1721BFA9DF6003B3C2D /* RoutesPost.h */,
				1A16D1731BFA9DF6003B3C2D /* RoutesPost.m */,
				1A16D1741BFA9DF6003B3C2D /* RouteUpdatesDAO.h */,
				1A16D1751BFA9DF6003B3C2D /* RouteUpdatesDAO.m */,
				1A16D1761BFA9DF6003B3C2D /* RouteUpdatesPost.h */,
				1A16D1771BFA9DF6003B3C2D /* RouteUpdatesPost.m */,
				1A16D1781BFA9DF6003B3C2D /* RouteVehiclesDAO.h */,
				1A16D1791BFA9DF6003B3C2D /* RouteVehiclesDAO.m */,
				1A16D17A1BFA9DF6003B3C2D /* RouteVehiclesPost.h */,
				1A16D17B1BFA9DF6003B3C2D /* RouteVehiclesPost.m */,
				1A16D17C1BFA9DF6003B3C2D /* StopArrivalPredictionDAO.h */,
				1A16D17D1BFA9DF6003B3C2D /* StopArrivalPredictionDAO.m */,
				1A16D17E1BFA9DF6003B3C2D /* StopArrivalPredictionPost.h */,
				1A16D17F1BFA9DF6003B3C2D /* StopArrivalPredictionPost.m */,
			);
			name = "Route Info";
			sourceTree = "<group>";
		};
		1A52FAC41BF557CF00AF783B /* Utils */ = {
			isa = PBXGroup;
			children = (
				1ACBE5A11CC0B10E0044401C /* ASMapView.h */,
				1ACBE5A21CC0B10E0044401C /* ASMapView.m */,
				1A16D1511BFA9DCB003B3C2D /* ColorConverter.h */,
				1A16D1521BFA9DCB003B3C2D /* ColorConverter.m */,
				1A16D1591BFA9DCB003B3C2D /* HttpPostExecute.h */,
				1A16D15A1BFA9DCB003B3C2D /* HttpPostExecute.m */,
				1A16D15B1BFA9DCB003B3C2D /* NameValuePair.h */,
				1A16D15C1BFA9DCB003B3C2D /* NameValuePair.m */,
				1A16D15D1BFA9DCB003B3C2D /* Reachability.h */,
				1A16D15E1BFA9DCB003B3C2D /* Reachability.m */,
				1A16D15F1BFA9DCB003B3C2D /* Utilities.h */,
				1A16D1601BFA9DCB003B3C2D /* Utilities.m */,
				1A3AA5CE1D9F53CC00B0D05B /* NSString+Count.h */,
				1A3AA5CF1D9F53CC00B0D05B /* NSString+Count.m */,
			);
			name = Utils;
			sourceTree = "<group>";
		};
		1AC96F991D99E0C20079AF7B /* Data Model */ = {
			isa = PBXGroup;
			children = (
				1AC96F9A1D99E1240079AF7B /* AEDataModel.h */,
				1AC96F9B1D99E1240079AF7B /* AEDataModel.m */,
				1AC96FAC1D99EFE30079AF7B /* UCIShuttlesRequest.h */,
				1AC96FAD1D99EFE30079AF7B /* UCIShuttlesRequest.m */,
				1AC96FB51D99F9FE0079AF7B /* Models */,
			);
			name = "Data Model";
			sourceTree = "<group>";
		};
		1AC96FB51D99F9FE0079AF7B /* Models */ = {
			isa = PBXGroup;
			children = (
				1AC96FA01D99E61D0079AF7B /* Region.h */,
				1AC96FA11D99E61D0079AF7B /* Region.m */,
				1AC96F9D1D99E60B0079AF7B /* Route.h */,
				1AC96F9E1D99E60B0079AF7B /* Route.m */,
				1A3AA5CB1D9F41DE00B0D05B /* RouteWaypoints.h */,
				1A3AA5CC1D9F41DE00B0D05B /* RouteWaypoints.m */,
				1AC96FA61D99E69F0079AF7B /* Stop.h */,
				1AC96FA71D99E69F0079AF7B /* Stop.m */,
				1AC96FA91D99E83D0079AF7B /* Vehicle.h */,
				1AC96FAA1D99E83D0079AF7B /* Vehicle.m */,
				1AC96FAF1D99F73E0079AF7B /* Direction.h */,
				1AC96FB01D99F73E0079AF7B /* Direction.m */,
				1AC96FB21D99F82E0079AF7B /* Arrival.h */,
				1AC96FB31D99F82E0079AF7B /* Arrival.m */,
			);
			name = Models;
			sourceTree = "<group>";
		};
		4A76A6CF1559016100D99B14 = {
			isa = PBXGroup;
			children = (
				4AE5283216E348A6003FCA0E /* CoreData.framework */,
				4A4E0C4916D09149003E0668 /* SystemConfiguration.framework */,
				4AD1F9FA155C392000978EAA /* CoreLocation.framework */,
				4AD1F9FD155C393100978EAA /* MapKit.framework */,
				4A76A6E41559016100D99B14 /* Anteater Express */,
				4A76A6DD1559016100D99B14 /* Frameworks */,
				4A9571CC1559B313007AE958 /* images */,
				4A76A6DB1559016100D99B14 /* Products */,
				9689B9132A133982A6965208 /* Pods */,
			);
			sourceTree = "<group>";
		};
		4A76A6DB1559016100D99B14 /* Products */ = {
			isa = PBXGroup;
			children = (
				4A76A6DA1559016100D99B14 /* Anteater Ex.app */,
			);
			name = Products;
			sourceTree = "<group>";
		};
		4A76A6DD1559016100D99B14 /* Frameworks */ = {
			isa = PBXGroup;
			children = (
				4A76A6DE1559016100D99B14 /* UIKit.framework */,
				4A76A6E01559016100D99B14 /* Foundation.framework */,
				4A76A6E21559016100D99B14 /* CoreGraphics.framework */,
				1D5C8B9B9860959990152F3F /* Pods_Anteater_Express.framework */,
			);
			name = Frameworks;
			sourceTree = "<group>";
		};
		4A76A6E41559016100D99B14 /* Anteater Express */ = {
			isa = PBXGroup;
			children = (
				1AC96F991D99E0C20079AF7B /* Data Model */,
				1A16D1D01C023CDF003B3C2D /* Views */,
				1A52FAC41BF557CF00AF783B /* Utils */,
				1A16D20A1C04E8FD003B3C2D /* AE Data Retrieval */,
				1A52FAC31BF5573E00AF783B /* Route Info */,
				4A76A6ED1559016100D99B14 /* AppDelegate.h */,
				4A76A6EE1559016100D99B14 /* AppDelegate.m */,
				4A76A6F01559016100D99B14 /* MainStoryboard_iPhone.storyboard */,
				1A773E341C82C9990023DCA8 /* Launch Screen.storyboard */,
				4A76A6E51559016100D99B14 /* Supporting Files */,
				1A79CB8B1C30DC940091DD62 /* Images.xcassets */,
			);
			path = "Anteater Express";
			sourceTree = "<group>";
		};
		4A76A6E51559016100D99B14 /* Supporting Files */ = {
			isa = PBXGroup;
			children = (
				4A76A6E61559016100D99B14 /* Anteater Express-Info.plist */,
				4A76A6E71559016100D99B14 /* InfoPlist.strings */,
				4A76A6EA1559016100D99B14 /* main.m */,
				4A76A6EC1559016100D99B14 /* Anteater Express-Prefix.pch */,
			);
			name = "Supporting Files";
			sourceTree = "<group>";
		};
		4A9571CC1559B313007AE958 /* images */ = {
			isa = PBXGroup;
			children = (
				1ACBE59F1CC0ADD40044401C /* AnteaterExpress_logo_title_isolated_wide.png */,
				1A34B34A1CBE17A3004CF2F0 /* 75-phone.png */,
				1A34B34B1CBE17A3004CF2F0 /* 103-map.png */,
				1A34B34C1CBE17A3004CF2F0 /* 112-group.png */,
				4AC8B4E315E03CDC007C6CE3 /* UIUnreadIndicator.png */,
				4AC8B4E415E03CDC007C6CE3 /* UIUnreadIndicatorPressed.png */,
				4A53A84C1566DDEE00D191AC /* shuttle_E_moving.png */,
				4A53A84D1566DDEE00D191AC /* shuttle_E_stopped.png */,
				4A53A84E1566DDEE00D191AC /* shuttle_N_moving.png */,
				4A53A84F1566DDEE00D191AC /* shuttle_N_stopped.png */,
				4A53A8501566DDEE00D191AC /* shuttle_NE_moving.png */,
				4A53A8511566DDEE00D191AC /* shuttle_NE_stopped.png */,
				4A53A8521566DDEE00D191AC /* shuttle_NW_moving.png */,
				4A53A8531566DDEE00D191AC /* shuttle_NW_stopped.png */,
				4A53A8541566DDEE00D191AC /* shuttle_S_moving.png */,
				4A53A8551566DDEE00D191AC /* shuttle_S_stopped.png */,
				4A53A8561566DDEE00D191AC /* shuttle_SE_moving.png */,
				4A53A8571566DDEE00D191AC /* shuttle_SE_stopped.png */,
				4A53A8581566DDEE00D191AC /* shuttle_SW_moving.png */,
				4A53A8591566DDEE00D191AC /* shuttle_SW_stopped.png */,
				4A53A85A1566DDEE00D191AC /* shuttle_W_moving.png */,
				4A53A85B1566DDEE00D191AC /* shuttle_W_stopped.png */,
			);
			name = images;
			path = "Anteater Express/images";
			sourceTree = "<group>";
		};
		9689B9132A133982A6965208 /* Pods */ = {
			isa = PBXGroup;
			children = (
				8DFF9142DA392017210201F9 /* Pods-Anteater Express.debug.xcconfig */,
				F28E800220469B1D3166B46A /* Pods-Anteater Express.release.xcconfig */,
				C8076CAE719BBF4CBF437DB5 /* Pods-Anteater Express.appstore.xcconfig */,
			);
			name = Pods;
			sourceTree = "<group>";
		};
/* End PBXGroup section */

/* Begin PBXNativeTarget section */
		4A76A6D91559016100D99B14 /* Anteater Express */ = {
			isa = PBXNativeTarget;
			buildConfigurationList = 4A76A6FB1559016100D99B14 /* Build configuration list for PBXNativeTarget "Anteater Express" */;
			buildPhases = (
				6A59CCA38E43958EC7409D6A /* [CP] Check Pods Manifest.lock */,
				4A76A6D61559016100D99B14 /* Sources */,
				4A76A6D71559016100D99B14 /* Frameworks */,
				4A76A6D81559016100D99B14 /* Resources */,
				69A46D4E683E478B132E5C06 /* [CP] Embed Pods Frameworks */,
				A0D6957AE3BAC23300025965 /* [CP] Copy Pods Resources */,
			);
			buildRules = (
			);
			dependencies = (
			);
			name = "Anteater Express";
			productName = "Anteater Express";
			productReference = 4A76A6DA1559016100D99B14 /* Anteater Ex.app */;
			productType = "com.apple.product-type.application";
		};
/* End PBXNativeTarget section */

/* Begin PBXProject section */
		4A76A6D11559016100D99B14 /* Project object */ = {
			isa = PBXProject;
			attributes = {
				LastUpgradeCheck = 0710;
				TargetAttributes = {
					4A76A6D91559016100D99B14 = {
						DevelopmentTeam = U6BRU879PK;
					};
				};
			};
			buildConfigurationList = 4A76A6D41559016100D99B14 /* Build configuration list for PBXProject "Anteater Express" */;
			compatibilityVersion = "Xcode 3.2";
			developmentRegion = English;
			hasScannedForEncodings = 0;
			knownRegions = (
				en,
			);
			mainGroup = 4A76A6CF1559016100D99B14;
			productRefGroup = 4A76A6DB1559016100D99B14 /* Products */;
			projectDirPath = "";
			projectRoot = "";
			targets = (
				4A76A6D91559016100D99B14 /* Anteater Express */,
			);
		};
/* End PBXProject section */

/* Begin PBXResourcesBuildPhase section */
		4A76A6D81559016100D99B14 /* Resources */ = {
			isa = PBXResourcesBuildPhase;
			buildActionMask = 2147483647;
			files = (
				4A76A6E91559016100D99B14 /* InfoPlist.strings in Resources */,
				4A76A6F21559016100D99B14 /* MainStoryboard_iPhone.storyboard in Resources */,
				1ACBE5A01CC0ADD40044401C /* AnteaterExpress_logo_title_isolated_wide.png in Resources */,
				4A53A85C1566DDEE00D191AC /* shuttle_E_moving.png in Resources */,
				4A53A85D1566DDEE00D191AC /* shuttle_E_stopped.png in Resources */,
				1A34B34E1CBE17A3004CF2F0 /* 103-map.png in Resources */,
				4A53A85E1566DDEE00D191AC /* shuttle_N_moving.png in Resources */,
				4A53A85F1566DDEE00D191AC /* shuttle_N_stopped.png in Resources */,
				4A53A8601566DDEE00D191AC /* shuttle_NE_moving.png in Resources */,
				1A34B34F1CBE17A3004CF2F0 /* 112-group.png in Resources */,
				4A53A8611566DDEE00D191AC /* shuttle_NE_stopped.png in Resources */,
				1A34B34D1CBE17A3004CF2F0 /* 75-phone.png in Resources */,
				4A53A8621566DDEE00D191AC /* shuttle_NW_moving.png in Resources */,
				1A6828AF1C4983960062B49F /* ArrivalPredictionView.xib in Resources */,
				4A53A8631566DDEE00D191AC /* shuttle_NW_stopped.png in Resources */,
				4A53A8641566DDEE00D191AC /* shuttle_S_moving.png in Resources */,
				4A53A8651566DDEE00D191AC /* shuttle_S_stopped.png in Resources */,
				4A53A8661566DDEE00D191AC /* shuttle_SE_moving.png in Resources */,
				4A53A8671566DDEE00D191AC /* shuttle_SE_stopped.png in Resources */,
				4A53A8681566DDEE00D191AC /* shuttle_SW_moving.png in Resources */,
				4A53A8691566DDEE00D191AC /* shuttle_SW_stopped.png in Resources */,
				4A53A86A1566DDEE00D191AC /* shuttle_W_moving.png in Resources */,
				4A53A86B1566DDEE00D191AC /* shuttle_W_stopped.png in Resources */,
				4AC8B4E515E03CDC007C6CE3 /* UIUnreadIndicator.png in Resources */,
				4AC8B4E615E03CDC007C6CE3 /* UIUnreadIndicatorPressed.png in Resources */,
				1A773E361C82C9990023DCA8 /* Launch Screen.storyboard in Resources */,
				1A79CB8C1C30DC940091DD62 /* Images.xcassets in Resources */,
			);
			runOnlyForDeploymentPostprocessing = 0;
		};
/* End PBXResourcesBuildPhase section */

/* Begin PBXShellScriptBuildPhase section */
		69A46D4E683E478B132E5C06 /* [CP] Embed Pods Frameworks */ = {
			isa = PBXShellScriptBuildPhase;
			buildActionMask = 2147483647;
			files = (
			);
			inputPaths = (
			);
			name = "[CP] Embed Pods Frameworks";
			outputPaths = (
			);
			runOnlyForDeploymentPostprocessing = 0;
			shellPath = /bin/sh;
			shellScript = "\"${SRCROOT}/Pods/Target Support Files/Pods-Anteater Express/Pods-Anteater Express-frameworks.sh\"\n";
			showEnvVarsInLog = 0;
		};
		6A59CCA38E43958EC7409D6A /* [CP] Check Pods Manifest.lock */ = {
			isa = PBXShellScriptBuildPhase;
			buildActionMask = 2147483647;
			files = (
			);
			inputPaths = (
			);
			name = "[CP] Check Pods Manifest.lock";
			outputPaths = (
			);
			runOnlyForDeploymentPostprocessing = 0;
			shellPath = /bin/sh;
			shellScript = "diff \"${PODS_ROOT}/../Podfile.lock\" \"${PODS_ROOT}/Manifest.lock\" > /dev/null\nif [[ $? != 0 ]] ; then\n    cat << EOM\nerror: The sandbox is not in sync with the Podfile.lock. Run 'pod install' or update your CocoaPods installation.\nEOM\n    exit 1\nfi\n";
			showEnvVarsInLog = 0;
		};
		A0D6957AE3BAC23300025965 /* [CP] Copy Pods Resources */ = {
			isa = PBXShellScriptBuildPhase;
			buildActionMask = 2147483647;
			files = (
			);
			inputPaths = (
			);
			name = "[CP] Copy Pods Resources";
			outputPaths = (
			);
			runOnlyForDeploymentPostprocessing = 0;
			shellPath = /bin/sh;
			shellScript = "\"${SRCROOT}/Pods/Target Support Files/Pods-Anteater Express/Pods-Anteater Express-resources.sh\"\n";
			showEnvVarsInLog = 0;
		};
/* End PBXShellScriptBuildPhase section */

/* Begin PBXSourcesBuildPhase section */
		4A76A6D61559016100D99B14 /* Sources */ = {
			isa = PBXSourcesBuildPhase;
			buildActionMask = 2147483647;
			files = (
				1A16D18A1BFA9DF6003B3C2D /* RouteVehiclesPost.m in Sources */,
				1A16D1E71C024310003B3C2D /* AEMenuItemTableViewCell.m in Sources */,
				1A16D1F11C02461E003B3C2D /* BannerItemInfo.m in Sources */,
				1A16D20D1C04E92A003B3C2D /* AEGetRoutesOp.m in Sources */,
				1A16D1DB1C023F8C003B3C2D /* AEMenuBannerTableViewCell.m in Sources */,
				4A76A6EB1559016100D99B14 /* main.m in Sources */,
				1A16D1841BFA9DF6003B3C2D /* RouteSchedulesDAO.m in Sources */,
				1A16D1801BFA9DF6003B3C2D /* MessagesDAL.m in Sources */,
				1ACBE5A31CC0B10E0044401C /* ASMapView.m in Sources */,
				1A16D1F41C0246B0003B3C2D /* LineInfo.m in Sources */,
				1ACBE59E1CC065860044401C /* ExactTimeTableViewCell.m in Sources */,
				1A16D1861BFA9DF6003B3C2D /* RoutesPost.m in Sources */,
				1A6828A11C474A4C0062B49F /* AEVehicleAnnotation.m in Sources */,
				4A76A6EF1559016100D99B14 /* AppDelegate.m in Sources */,
				1A16D18B1BFA9DF6003B3C2D /* StopArrivalPredictionDAO.m in Sources */,
				1A16D2101C0E6B93003B3C2D /* AEGetRouteDefinition.m in Sources */,
				1AC96F9C1D99E1240079AF7B /* AEDataModel.m in Sources */,
				1A16D1881BFA9DF6003B3C2D /* RouteUpdatesPost.m in Sources */,
				1A4B6F061C27360300C730EC /* AEMenuMapControlTableViewCell.m in Sources */,
				1A6828AD1C49821F0062B49F /* ArrivalPredictionView.m in Sources */,
				1A16D18C1BFA9DF6003B3C2D /* StopArrivalPredictionPost.m in Sources */,
				1A16D1D71C023D59003B3C2D /* AESideMenuTableViewController.m in Sources */,
				1A16D1641BFA9DCB003B3C2D /* Reachability.m in Sources */,
				1A16D1821BFA9DF6003B3C2D /* RouteDefinitionPost.m in Sources */,
				1A16D1F71C025905003B3C2D /* ItemInfo.m in Sources */,
				1A4B6F151C2B97A600C730EC /* ColorCircleView.m in Sources */,
				1A16D1621BFA9DCB003B3C2D /* HttpPostExecute.m in Sources */,
				1A16D1651BFA9DCB003B3C2D /* Utilities.m in Sources */,
				1A16D2021C026F10003B3C2D /* NewsAndAboutViewController.m in Sources */,
				1AC96FB11D99F73E0079AF7B /* Direction.m in Sources */,
				1A3AA5CA1D9F404000B0D05B /* AnnouncementsPost.m in Sources */,
				1AC96FAE1D99EFE30079AF7B /* UCIShuttlesRequest.m in Sources */,
				1A16D1FF1C026EFD003B3C2D /* AllRouteUpdatesViewController.m in Sources */,
				1A6828A71C47522A0062B49F /* AEGetVehiclesOp.m in Sources */,
				1AC96FB41D99F82E0079AF7B /* Arrival.m in Sources */,
				1A16D1831BFA9DF6003B3C2D /* RoutesAndAnnounceDAO.m in Sources */,
				1A16D1DE1C024076003B3C2D /* AEMenuFreeLineTableViewCell.m in Sources */,
				1A16D1851BFA9DF6003B3C2D /* RouteSchedulesPost.m in Sources */,
				1AC96F9F1D99E60B0079AF7B /* Route.m in Sources */,
				1A16D1FA1C026092003B3C2D /* MapViewController.m in Sources */,
				1A6828AA1C48B56A0062B49F /* AEGetArrivalPredictionsOp.m in Sources */,
				1A16D1811BFA9DF6003B3C2D /* RouteDefinitionDAO.m in Sources */,
				1AC96FA81D99E69F0079AF7B /* Stop.m in Sources */,
				1AC96FAB1D99E83D0079AF7B /* Vehicle.m in Sources */,
				1A16D1891BFA9DF6003B3C2D /* RouteVehiclesDAO.m in Sources */,
				1A16D1871BFA9DF6003B3C2D /* RouteUpdatesDAO.m in Sources */,
				1A16D1611BFA9DCB003B3C2D /* ColorConverter.m in Sources */,
				1A4B6F0F1C28B5C400C730EC /* AEStopAnnotation.m in Sources */,
				1A4B6F031C27357F00C730EC /* MapControlInfo.m in Sources */,
				1A3AA5D01D9F53CC00B0D05B /* NSString+Count.m in Sources */,
				1A3AA5CD1D9F41DE00B0D05B /* RouteWaypoints.m in Sources */,
				1A4B6F121C29FFAB00C730EC /* AEStopAnnotationView.m in Sources */,
				1A6828A41C474EAE0062B49F /* AEVehicleAnnotationView.m in Sources */,
				1A16D1EE1C0245FF003B3C2D /* MenuInfo.m in Sources */,
				1A79CB951C337F1F0091DD62 /* CircleCheckmark.m in Sources */,
				1A16D1631BFA9DCB003B3C2D /* NameValuePair.m in Sources */,
				1AC96FA21D99E61D0079AF7B /* Region.m in Sources */,
				1A015EFE1C7C2B1400AB7C8E /* RouteDetailViewController.m in Sources */,
			);
			runOnlyForDeploymentPostprocessing = 0;
		};
/* End PBXSourcesBuildPhase section */

/* Begin PBXVariantGroup section */
		1A773E341C82C9990023DCA8 /* Launch Screen.storyboard */ = {
			isa = PBXVariantGroup;
			children = (
				1A773E351C82C9990023DCA8 /* en */,
			);
			name = "Launch Screen.storyboard";
			sourceTree = "<group>";
		};
		4A76A6E71559016100D99B14 /* InfoPlist.strings */ = {
			isa = PBXVariantGroup;
			children = (
				4A76A6E81559016100D99B14 /* en */,
			);
			name = InfoPlist.strings;
			sourceTree = "<group>";
		};
		4A76A6F01559016100D99B14 /* MainStoryboard_iPhone.storyboard */ = {
			isa = PBXVariantGroup;
			children = (
				4A76A6F11559016100D99B14 /* en */,
			);
			name = MainStoryboard_iPhone.storyboard;
			sourceTree = "<group>";
		};
/* End PBXVariantGroup section */

/* Begin XCBuildConfiguration section */
		4A76A6F91559016100D99B14 /* Debug */ = {
			isa = XCBuildConfiguration;
			buildSettings = {
				ALWAYS_SEARCH_USER_PATHS = NO;
				CLANG_ENABLE_OBJC_ARC = YES;
				CLANG_WARN_BOOL_CONVERSION = YES;
				CLANG_WARN_CONSTANT_CONVERSION = YES;
				CLANG_WARN_EMPTY_BODY = YES;
				CLANG_WARN_ENUM_CONVERSION = YES;
				CLANG_WARN_INT_CONVERSION = YES;
				CLANG_WARN_UNREACHABLE_CODE = YES;
				CLANG_WARN__DUPLICATE_METHOD_MATCH = YES;
				"CODE_SIGN_IDENTITY[sdk=iphoneos*]" = "iPhone Developer";
				COPY_PHASE_STRIP = NO;
				ENABLE_STRICT_OBJC_MSGSEND = YES;
				ENABLE_TESTABILITY = YES;
				GCC_C_LANGUAGE_STANDARD = gnu99;
				GCC_DYNAMIC_NO_PIC = NO;
				GCC_NO_COMMON_BLOCKS = YES;
				GCC_OPTIMIZATION_LEVEL = 0;
				GCC_PREPROCESSOR_DEFINITIONS = (
					"DEBUG=1",
					"$(inherited)",
				);
				GCC_SYMBOLS_PRIVATE_EXTERN = NO;
				GCC_VERSION = com.apple.compilers.llvm.clang.1_0;
				GCC_WARN_64_TO_32_BIT_CONVERSION = YES;
				GCC_WARN_ABOUT_RETURN_TYPE = YES;
				GCC_WARN_UNDECLARED_SELECTOR = YES;
				GCC_WARN_UNINITIALIZED_AUTOS = YES;
				GCC_WARN_UNUSED_FUNCTION = YES;
				GCC_WARN_UNUSED_VARIABLE = YES;
				IPHONEOS_DEPLOYMENT_TARGET = 5.1;
				ONLY_ACTIVE_ARCH = YES;
				SDKROOT = iphoneos;
				TARGETED_DEVICE_FAMILY = "1,2";
				VALIDATE_PRODUCT = NO;
			};
			name = Debug;
		};
		4A76A6FA1559016100D99B14 /* Release */ = {
			isa = XCBuildConfiguration;
			buildSettings = {
				ALWAYS_SEARCH_USER_PATHS = NO;
				CLANG_ENABLE_OBJC_ARC = YES;
				CLANG_WARN_BOOL_CONVERSION = YES;
				CLANG_WARN_CONSTANT_CONVERSION = YES;
				CLANG_WARN_EMPTY_BODY = YES;
				CLANG_WARN_ENUM_CONVERSION = YES;
				CLANG_WARN_INT_CONVERSION = YES;
				CLANG_WARN_UNREACHABLE_CODE = YES;
				CLANG_WARN__DUPLICATE_METHOD_MATCH = YES;
				"CODE_SIGN_IDENTITY[sdk=iphoneos*]" = "iPhone Developer";
				COPY_PHASE_STRIP = NO;
				ENABLE_STRICT_OBJC_MSGSEND = YES;
				GCC_C_LANGUAGE_STANDARD = gnu99;
				GCC_NO_COMMON_BLOCKS = YES;
				GCC_VERSION = com.apple.compilers.llvm.clang.1_0;
				GCC_WARN_64_TO_32_BIT_CONVERSION = YES;
				GCC_WARN_ABOUT_RETURN_TYPE = YES;
				GCC_WARN_UNDECLARED_SELECTOR = YES;
				GCC_WARN_UNINITIALIZED_AUTOS = YES;
				GCC_WARN_UNUSED_FUNCTION = YES;
				GCC_WARN_UNUSED_VARIABLE = YES;
				IPHONEOS_DEPLOYMENT_TARGET = 5.1;
				OTHER_CFLAGS = "-DNS_BLOCK_ASSERTIONS=1";
				"PROVISIONING_PROFILE[sdk=iphoneos*]" = "";
				SDKROOT = iphoneos;
				TARGETED_DEVICE_FAMILY = "1,2";
				VALIDATE_PRODUCT = NO;
			};
			name = Release;
		};
		4A76A6FC1559016100D99B14 /* Debug */ = {
			isa = XCBuildConfiguration;
			baseConfigurationReference = 8DFF9142DA392017210201F9 /* Pods-Anteater Express.debug.xcconfig */;
			buildSettings = {
				ASSETCATALOG_COMPILER_APPICON_NAME = AppIcon;
				CODE_SIGN_IDENTITY = "iPhone Developer";
				"CODE_SIGN_IDENTITY[sdk=iphoneos*]" = "iPhone Developer";
				ENABLE_BITCODE = NO;
				GCC_PRECOMPILE_PREFIX_HEADER = YES;
				GCC_PREFIX_HEADER = "Anteater Express/Anteater Express-Prefix.pch";
				INFOPLIST_FILE = "Anteater Express/Anteater Express-Info.plist";
				IPHONEOS_DEPLOYMENT_TARGET = 8.0;
				LIBRARY_SEARCH_PATHS = (
					"$(inherited)",
					"\"$(SRCROOT)/Anteater Express\"",
				);
				PRODUCT_BUNDLE_IDENTIFIER = "UCI.AnteaterExpress.${PRODUCT_NAME:rfc1034identifier}";
				PRODUCT_NAME = "Anteater Ex";
				PROVISIONING_PROFILE = "";
				TARGETED_DEVICE_FAMILY = "1,2";
				WRAPPER_EXTENSION = app;
			};
			name = Debug;
		};
		4A76A6FD1559016100D99B14 /* Release */ = {
			isa = XCBuildConfiguration;
			baseConfigurationReference = F28E800220469B1D3166B46A /* Pods-Anteater Express.release.xcconfig */;
			buildSettings = {
				ASSETCATALOG_COMPILER_APPICON_NAME = AppIcon;
				CODE_SIGN_IDENTITY = "iPhone Developer";
				"CODE_SIGN_IDENTITY[sdk=iphoneos*]" = "iPhone Developer";
				ENABLE_BITCODE = NO;
				GCC_PRECOMPILE_PREFIX_HEADER = YES;
				GCC_PREFIX_HEADER = "Anteater Express/Anteater Express-Prefix.pch";
				INFOPLIST_FILE = "Anteater Express/Anteater Express-Info.plist";
				IPHONEOS_DEPLOYMENT_TARGET = 8.0;
				LIBRARY_SEARCH_PATHS = (
					"$(inherited)",
					"\"$(SRCROOT)/Anteater Express\"",
				);
				PRODUCT_BUNDLE_IDENTIFIER = "UCI.AnteaterExpress.${PRODUCT_NAME:rfc1034identifier}";
				PRODUCT_NAME = "Anteater Ex";
				PROVISIONING_PROFILE = "";
				TARGETED_DEVICE_FAMILY = "1,2";
				WRAPPER_EXTENSION = app;
			};
			name = Release;
		};
		4A7F56FC16EC406E009D5EB2 /* AppStore */ = {
			isa = XCBuildConfiguration;
			buildSettings = {
				ALWAYS_SEARCH_USER_PATHS = NO;
				CLANG_ENABLE_OBJC_ARC = YES;
				CLANG_WARN_BOOL_CONVERSION = YES;
				CLANG_WARN_CONSTANT_CONVERSION = YES;
				CLANG_WARN_EMPTY_BODY = YES;
				CLANG_WARN_ENUM_CONVERSION = YES;
				CLANG_WARN_INT_CONVERSION = YES;
				CLANG_WARN_UNREACHABLE_CODE = YES;
				CLANG_WARN__DUPLICATE_METHOD_MATCH = YES;
				CODE_SIGN_IDENTITY = "iPhone Distribution: Student Government Association University of California At Irvine";
				"CODE_SIGN_IDENTITY[sdk=iphoneos*]" = "iPhone Distribution: Student Government Association University of California At Irvine";
				COPY_PHASE_STRIP = YES;
				ENABLE_STRICT_OBJC_MSGSEND = YES;
				GCC_C_LANGUAGE_STANDARD = gnu99;
				GCC_NO_COMMON_BLOCKS = YES;
				GCC_VERSION = com.apple.compilers.llvm.clang.1_0;
				GCC_WARN_64_TO_32_BIT_CONVERSION = YES;
				GCC_WARN_ABOUT_RETURN_TYPE = YES;
				GCC_WARN_UNDECLARED_SELECTOR = YES;
				GCC_WARN_UNINITIALIZED_AUTOS = YES;
				GCC_WARN_UNUSED_FUNCTION = YES;
				GCC_WARN_UNUSED_VARIABLE = YES;
				IPHONEOS_DEPLOYMENT_TARGET = 5.1;
				OTHER_CFLAGS = "-DNS_BLOCK_ASSERTIONS=1";
				PROVISIONING_PROFILE = "2E77C6A1-745C-409F-BB4A-EE7F90FB659D";
				"PROVISIONING_PROFILE[sdk=iphoneos*]" = "2E77C6A1-745C-409F-BB4A-EE7F90FB659D";
				SDKROOT = iphoneos;
				TARGETED_DEVICE_FAMILY = "1,2";
				VALIDATE_PRODUCT = YES;
			};
			name = AppStore;
		};
		4A7F56FD16EC406E009D5EB2 /* AppStore */ = {
			isa = XCBuildConfiguration;
			baseConfigurationReference = C8076CAE719BBF4CBF437DB5 /* Pods-Anteater Express.appstore.xcconfig */;
			buildSettings = {
				ASSETCATALOG_COMPILER_APPICON_NAME = AppIcon;
				CODE_SIGN_IDENTITY = "iPhone Developer";
				"CODE_SIGN_IDENTITY[sdk=iphoneos*]" = "iPhone Developer";
				ENABLE_BITCODE = NO;
				GCC_PRECOMPILE_PREFIX_HEADER = YES;
				GCC_PREFIX_HEADER = "Anteater Express/Anteater Express-Prefix.pch";
				INFOPLIST_FILE = "Anteater Express/Anteater Express-Info.plist";
				IPHONEOS_DEPLOYMENT_TARGET = 8.0;
				LIBRARY_SEARCH_PATHS = (
					"$(inherited)",
					"\"$(SRCROOT)/Anteater Express\"",
				);
				PRODUCT_BUNDLE_IDENTIFIER = "UCI.AnteaterExpress.${PRODUCT_NAME:rfc1034identifier}";
				PRODUCT_NAME = "Anteater Ex";
				PROVISIONING_PROFILE = "";
				TARGETED_DEVICE_FAMILY = "1,2";
				WRAPPER_EXTENSION = app;
			};
			name = AppStore;
		};
/* End XCBuildConfiguration section */

/* Begin XCConfigurationList section */
		4A76A6D41559016100D99B14 /* Build configuration list for PBXProject "Anteater Express" */ = {
			isa = XCConfigurationList;
			buildConfigurations = (
				4A76A6F91559016100D99B14 /* Debug */,
				4A76A6FA1559016100D99B14 /* Release */,
				4A7F56FC16EC406E009D5EB2 /* AppStore */,
			);
			defaultConfigurationIsVisible = 0;
			defaultConfigurationName = Debug;
		};
		4A76A6FB1559016100D99B14 /* Build configuration list for PBXNativeTarget "Anteater Express" */ = {
			isa = XCConfigurationList;
			buildConfigurations = (
				4A76A6FC1559016100D99B14 /* Debug */,
				4A76A6FD1559016100D99B14 /* Release */,
				4A7F56FD16EC406E009D5EB2 /* AppStore */,
			);
			defaultConfigurationIsVisible = 0;
			defaultConfigurationName = Debug;
		};
/* End XCConfigurationList section */
	};
	rootObject = 4A76A6D11559016100D99B14 /* Project object */;
}
